// !$*UTF8*$!
{
	archiveVersion = 1;
	classes = {
	};
	objectVersion = 46;
	objects = {

/* Begin PBXBuildFile section */
		558C8FE8CCAE9770C97B0B23 /* libPods-academy.a in Frameworks */ = {isa = PBXBuildFile; fileRef = 19415BF26ACA690DC120472F /* libPods-academy.a */; };
		AF0241CF1B0F0BA00019B3E2 /* CardTestMultipleChoice.xib in Resources */ = {isa = PBXBuildFile; fileRef = AF0241CE1B0F0BA00019B3E2 /* CardTestMultipleChoice.xib */; };
		AF0241D21B0F16560019B3E2 /* WordTestVC.m in Sources */ = {isa = PBXBuildFile; fileRef = AF0241D11B0F16560019B3E2 /* WordTestVC.m */; };
		AF0241D51B0F18930019B3E2 /* WordDisplayView.m in Sources */ = {isa = PBXBuildFile; fileRef = AF0241D41B0F18930019B3E2 /* WordDisplayView.m */; };
		AF0ED9C21B142C5400340BA5 /* medium-green-btn.png in Resources */ = {isa = PBXBuildFile; fileRef = AF0ED9C11B142C5400340BA5 /* medium-green-btn.png */; };
		AF0ED9C61B1473D300340BA5 /* speaker-btn in Resources */ = {isa = PBXBuildFile; fileRef = AF0ED9C51B1473D300340BA5 /* speaker-btn */; };
		AF7869A41B10BDB9009BE37B /* MenuBtn.png in Resources */ = {isa = PBXBuildFile; fileRef = AF7869A31B10BDB9009BE37B /* MenuBtn.png */; };
		AF7869A71B10CB9B009BE37B /* SoundEngine.m in Sources */ = {isa = PBXBuildFile; fileRef = AF7869A61B10CB9B009BE37B /* SoundEngine.m */; };
		AF7869A91B10CBD3009BE37B /* AVFoundation.framework in Frameworks */ = {isa = PBXBuildFile; fileRef = AF7869A81B10CBD3009BE37B /* AVFoundation.framework */; };
		AF7869AC1B10CFCC009BE37B /* Correct.mp3 in Resources */ = {isa = PBXBuildFile; fileRef = AF7869AB1B10CFCC009BE37B /* Correct.mp3 */; };
		AF7869AE1B10D0C1009BE37B /* AudioToolbox.framework in Frameworks */ = {isa = PBXBuildFile; fileRef = AF7869AD1B10D0C1009BE37B /* AudioToolbox.framework */; };
		AF7869B01B10D48A009BE37B /* tick.png in Resources */ = {isa = PBXBuildFile; fileRef = AF7869AF1B10D48A009BE37B /* tick.png */; };
		AF7869B81B10F71B009BE37B /* demo.png in Resources */ = {isa = PBXBuildFile; fileRef = AF7869B71B10F71B009BE37B /* demo.png */; };
		AFC27BC11B0EEC5700225016 /* arrows.png in Resources */ = {isa = PBXBuildFile; fileRef = AFC27B7D1B0EEC5700225016 /* arrows.png */; };
		AFC27BC21B0EEC5700225016 /* bag.png in Resources */ = {isa = PBXBuildFile; fileRef = AFC27B7E1B0EEC5700225016 /* bag.png */; };
		AFC27BC31B0EEC5700225016 /* basket.png in Resources */ = {isa = PBXBuildFile; fileRef = AFC27B7F1B0EEC5700225016 /* basket.png */; };
		AFC27BC41B0EEC5700225016 /* book.png in Resources */ = {isa = PBXBuildFile; fileRef = AFC27B801B0EEC5700225016 /* book.png */; };
		AFC27BC51B0EEC5700225016 /* box.png in Resources */ = {isa = PBXBuildFile; fileRef = AFC27B811B0EEC5700225016 /* box.png */; };
		AFC27BC61B0EEC5700225016 /* browser.png in Resources */ = {isa = PBXBuildFile; fileRef = AFC27B821B0EEC5700225016 /* browser.png */; };
		AFC27BC71B0EEC5700225016 /* building.png in Resources */ = {isa = PBXBuildFile; fileRef = AFC27B831B0EEC5700225016 /* building.png */; };
		AFC27BC81B0EEC5700225016 /* calculator.png in Resources */ = {isa = PBXBuildFile; fileRef = AFC27B841B0EEC5700225016 /* calculator.png */; };
		AFC27BC91B0EEC5700225016 /* calendar.png in Resources */ = {isa = PBXBuildFile; fileRef = AFC27B851B0EEC5700225016 /* calendar.png */; };
		AFC27BCA1B0EEC5700225016 /* call.png in Resources */ = {isa = PBXBuildFile; fileRef = AFC27B861B0EEC5700225016 /* call.png */; };
		AFC27BCB1B0EEC5700225016 /* camera.png in Resources */ = {isa = PBXBuildFile; fileRef = AFC27B871B0EEC5700225016 /* camera.png */; };
		AFC27BCC1B0EEC5700225016 /* clock.png in Resources */ = {isa = PBXBuildFile; fileRef = AFC27B881B0EEC5700225016 /* clock.png */; };
		AFC27BCD1B0EEC5700225016 /* cloudupload.png in Resources */ = {isa = PBXBuildFile; fileRef = AFC27B891B0EEC5700225016 /* cloudupload.png */; };
		AFC27BCE1B0EEC5700225016 /* comment.png in Resources */ = {isa = PBXBuildFile; fileRef = AFC27B8A1B0EEC5700225016 /* comment.png */; };
		AFC27BCF1B0EEC5700225016 /* compass.png in Resources */ = {isa = PBXBuildFile; fileRef = AFC27B8B1B0EEC5700225016 /* compass.png */; };
		AFC27BD01B0EEC5700225016 /* config.png in Resources */ = {isa = PBXBuildFile; fileRef = AFC27B8C1B0EEC5700225016 /* config.png */; };
		AFC27BD11B0EEC5700225016 /* console.png in Resources */ = {isa = PBXBuildFile; fileRef = AFC27B8D1B0EEC5700225016 /* console.png */; };
		AFC27BD21B0EEC5700225016 /* count.png in Resources */ = {isa = PBXBuildFile; fileRef = AFC27B8E1B0EEC5700225016 /* count.png */; };
		AFC27BD31B0EEC5700225016 /* creditcard.png in Resources */ = {isa = PBXBuildFile; fileRef = AFC27B8F1B0EEC5700225016 /* creditcard.png */; };
		AFC27BD41B0EEC5700225016 /* disk.png in Resources */ = {isa = PBXBuildFile; fileRef = AFC27B901B0EEC5700225016 /* disk.png */; };
		AFC27BD51B0EEC5700225016 /* diskette.png in Resources */ = {isa = PBXBuildFile; fileRef = AFC27B911B0EEC5700225016 /* diskette.png */; };
		AFC27BD61B0EEC5700225016 /* download.png in Resources */ = {isa = PBXBuildFile; fileRef = AFC27B921B0EEC5700225016 /* download.png */; };
		AFC27BD71B0EEC5700225016 /* drop.png in Resources */ = {isa = PBXBuildFile; fileRef = AFC27B931B0EEC5700225016 /* drop.png */; };
		AFC27BD81B0EEC5700225016 /* easel.png in Resources */ = {isa = PBXBuildFile; fileRef = AFC27B941B0EEC5700225016 /* easel.png */; };
		AFC27BD91B0EEC5700225016 /* film.png in Resources */ = {isa = PBXBuildFile; fileRef = AFC27B951B0EEC5700225016 /* film.png */; };
		AFC27BDA1B0EEC5700225016 /* flag.png in Resources */ = {isa = PBXBuildFile; fileRef = AFC27B961B0EEC5700225016 /* flag.png */; };
		AFC27BDB1B0EEC5700225016 /* football.png in Resources */ = {isa = PBXBuildFile; fileRef = AFC27B971B0EEC5700225016 /* football.png */; };
		AFC27BDC1B0EEC5700225016 /* graph.png in Resources */ = {isa = PBXBuildFile; fileRef = AFC27B981B0EEC5700225016 /* graph.png */; };
		AFC27BDD1B0EEC5700225016 /* home.png in Resources */ = {isa = PBXBuildFile; fileRef = AFC27B991B0EEC5700225016 /* home.png */; };
		AFC27BDE1B0EEC5700225016 /* hotcup.png in Resources */ = {isa = PBXBuildFile; fileRef = AFC27B9A1B0EEC5700225016 /* hotcup.png */; };
		AFC27BDF1B0EEC5700225016 /* letter.png in Resources */ = {isa = PBXBuildFile; fileRef = AFC27B9B1B0EEC5700225016 /* letter.png */; };
		AFC27BE01B0EEC5700225016 /* lifesaver.png in Resources */ = {isa = PBXBuildFile; fileRef = AFC27B9C1B0EEC5700225016 /* lifesaver.png */; };
		AFC27BE11B0EEC5700225016 /* lock.png in Resources */ = {isa = PBXBuildFile; fileRef = AFC27B9D1B0EEC5700225016 /* lock.png */; };
		AFC27BE21B0EEC5700225016 /* love.png in Resources */ = {isa = PBXBuildFile; fileRef = AFC27B9E1B0EEC5700225016 /* love.png */; };
		AFC27BE31B0EEC5700225016 /* mail.png in Resources */ = {isa = PBXBuildFile; fileRef = AFC27B9F1B0EEC5700225016 /* mail.png */; };
		AFC27BE41B0EEC5700225016 /* money.png in Resources */ = {isa = PBXBuildFile; fileRef = AFC27BA01B0EEC5700225016 /* money.png */; };
		AFC27BE51B0EEC5700225016 /* monitor.png in Resources */ = {isa = PBXBuildFile; fileRef = AFC27BA11B0EEC5700225016 /* monitor.png */; };
		AFC27BE61B0EEC5700225016 /* music.png in Resources */ = {isa = PBXBuildFile; fileRef = AFC27BA21B0EEC5700225016 /* music.png */; };
		AFC27BE71B0EEC5700225016 /* news.png in Resources */ = {isa = PBXBuildFile; fileRef = AFC27BA31B0EEC5700225016 /* news.png */; };
		AFC27BE81B0EEC5700225016 /* notes.png in Resources */ = {isa = PBXBuildFile; fileRef = AFC27BA41B0EEC5700225016 /* notes.png */; };
		AFC27BE91B0EEC5700225016 /* officephone.png in Resources */ = {isa = PBXBuildFile; fileRef = AFC27BA51B0EEC5700225016 /* officephone.png */; };
		AFC27BEA1B0EEC5700225016 /* openmail.png in Resources */ = {isa = PBXBuildFile; fileRef = AFC27BA61B0EEC5700225016 /* openmail.png */; };
		AFC27BEB1B0EEC5700225016 /* phone.png in Resources */ = {isa = PBXBuildFile; fileRef = AFC27BA71B0EEC5700225016 /* phone.png */; };
		AFC27BEC1B0EEC5700225016 /* photo.png in Resources */ = {isa = PBXBuildFile; fileRef = AFC27BA81B0EEC5700225016 /* photo.png */; };
		AFC27BED1B0EEC5700225016 /* portfolio.png in Resources */ = {isa = PBXBuildFile; fileRef = AFC27BA91B0EEC5700225016 /* portfolio.png */; };
		AFC27BEE1B0EEC5700225016 /* printer.png in Resources */ = {isa = PBXBuildFile; fileRef = AFC27BAA1B0EEC5700225016 /* printer.png */; };
		AFC27BEF1B0EEC5700225016 /* radio.png in Resources */ = {isa = PBXBuildFile; fileRef = AFC27BAB1B0EEC5700225016 /* radio.png */; };
		AFC27BF01B0EEC5700225016 /* rain.png in Resources */ = {isa = PBXBuildFile; fileRef = AFC27BAC1B0EEC5700225016 /* rain.png */; };
		AFC27BF11B0EEC5700225016 /* ribbon.png in Resources */ = {isa = PBXBuildFile; fileRef = AFC27BAD1B0EEC5700225016 /* ribbon.png */; };
		AFC27BF21B0EEC5700225016 /* safe.png in Resources */ = {isa = PBXBuildFile; fileRef = AFC27BAE1B0EEC5700225016 /* safe.png */; };
		AFC27BF31B0EEC5700225016 /* search.png in Resources */ = {isa = PBXBuildFile; fileRef = AFC27BAF1B0EEC5700225016 /* search.png */; };
		AFC27BF41B0EEC5700225016 /* setting.png in Resources */ = {isa = PBXBuildFile; fileRef = AFC27BB01B0EEC5700225016 /* setting.png */; };
		AFC27BF51B0EEC5700225016 /* shop.png in Resources */ = {isa = PBXBuildFile; fileRef = AFC27BB11B0EEC5700225016 /* shop.png */; };
		AFC27BF61B0EEC5700225016 /* speech.png in Resources */ = {isa = PBXBuildFile; fileRef = AFC27BB21B0EEC5700225016 /* speech.png */; };
		AFC27BF71B0EEC5700225016 /* statistic.png in Resources */ = {isa = PBXBuildFile; fileRef = AFC27BB31B0EEC5700225016 /* statistic.png */; };
		AFC27BF81B0EEC5700225016 /* switch.png in Resources */ = {isa = PBXBuildFile; fileRef = AFC27BB41B0EEC5700225016 /* switch.png */; };
		AFC27BF91B0EEC5700225016 /* tablet.png in Resources */ = {isa = PBXBuildFile; fileRef = AFC27BB51B0EEC5700225016 /* tablet.png */; };
		AFC27BFA1B0EEC5700225016 /* ticket.png in Resources */ = {isa = PBXBuildFile; fileRef = AFC27BB61B0EEC5700225016 /* ticket.png */; };
		AFC27BFB1B0EEC5700225016 /* truck.png in Resources */ = {isa = PBXBuildFile; fileRef = AFC27BB71B0EEC5700225016 /* truck.png */; };
		AFC27BFC1B0EEC5700225016 /* tv.png in Resources */ = {isa = PBXBuildFile; fileRef = AFC27BB81B0EEC5700225016 /* tv.png */; };
		AFC27BFD1B0EEC5700225016 /* upload.png in Resources */ = {isa = PBXBuildFile; fileRef = AFC27BB91B0EEC5700225016 /* upload.png */; };
		AFC27BFE1B0EEC5700225016 /* user.png in Resources */ = {isa = PBXBuildFile; fileRef = AFC27BBA1B0EEC5700225016 /* user.png */; };
		AFC27BFF1B0EEC5700225016 /* user2.png in Resources */ = {isa = PBXBuildFile; fileRef = AFC27BBB1B0EEC5700225016 /* user2.png */; };
		AFC27C001B0EEC5700225016 /* view.png in Resources */ = {isa = PBXBuildFile; fileRef = AFC27BBC1B0EEC5700225016 /* view.png */; };
		AFC27C011B0EEC5700225016 /* voicemail.png in Resources */ = {isa = PBXBuildFile; fileRef = AFC27BBD1B0EEC5700225016 /* voicemail.png */; };
		AFC27C021B0EEC5700225016 /* wallet.png in Resources */ = {isa = PBXBuildFile; fileRef = AFC27BBE1B0EEC5700225016 /* wallet.png */; };
		AFC27C031B0EEC5700225016 /* weather.png in Resources */ = {isa = PBXBuildFile; fileRef = AFC27BBF1B0EEC5700225016 /* weather.png */; };
		AFC27C041B0EEC5700225016 /* worldglobe.png in Resources */ = {isa = PBXBuildFile; fileRef = AFC27BC01B0EEC5700225016 /* worldglobe.png */; };
		AFC27C071B0EF01A00225016 /* MyUIEngine.m in Sources */ = {isa = PBXBuildFile; fileRef = AFC27C061B0EF01A00225016 /* MyUIEngine.m */; };
		AFCB0D1F1B11D56000F5688F /* AlertBG_Giraffe.png in Resources */ = {isa = PBXBuildFile; fileRef = AFCB0D1E1B11D56000F5688F /* AlertBG_Giraffe.png */; };
		AFCB0D221B11D59700F5688F /* AlertCartoonView.m in Sources */ = {isa = PBXBuildFile; fileRef = AFCB0D211B11D59700F5688F /* AlertCartoonView.m */; };
		AFCB0D241B11D5B000F5688F /* CartoonView.xib in Resources */ = {isa = PBXBuildFile; fileRef = AFCB0D231B11D5B000F5688F /* CartoonView.xib */; };
		AFCB0D271B11E71000F5688F /* TestMaker.m in Sources */ = {isa = PBXBuildFile; fileRef = AFCB0D261B11E71000F5688F /* TestMaker.m */; };
		AFCB0D301B11ED3F00F5688F /* CardMultipleChoiceView.m in Sources */ = {isa = PBXBuildFile; fileRef = AFCB0D2F1B11ED3F00F5688F /* CardMultipleChoiceView.m */; };
		AFCB0D321B11F89A00F5688F /* CardTypeAnswer.xib in Resources */ = {isa = PBXBuildFile; fileRef = AFCB0D311B11F89A00F5688F /* CardTypeAnswer.xib */; };
		AFCB0D351B11F8F800F5688F /* CardTypeAnswerView.m in Sources */ = {isa = PBXBuildFile; fileRef = AFCB0D341B11F8F800F5688F /* CardTypeAnswerView.m */; };
		AFCFE5FB1B04E315006D9744 /* medium-blue-btn.png in Resources */ = {isa = PBXBuildFile; fileRef = AFCFE5F91B04E315006D9744 /* medium-blue-btn.png */; };
		AFCFE5FC1B04E315006D9744 /* medium-red-btn.png in Resources */ = {isa = PBXBuildFile; fileRef = AFCFE5FA1B04E315006D9744 /* medium-red-btn.png */; };
		AFCFE5FE1B04E668006D9744 /* cross.png in Resources */ = {isa = PBXBuildFile; fileRef = AFCFE5FD1B04E668006D9744 /* cross.png */; };
		AFD6362D1B038E1000ABDB3C /* main.m in Sources */ = {isa = PBXBuildFile; fileRef = AFD6362C1B038E1000ABDB3C /* main.m */; };
		AFD636301B038E1000ABDB3C /* AppDelegate.m in Sources */ = {isa = PBXBuildFile; fileRef = AFD6362F1B038E1000ABDB3C /* AppDelegate.m */; };
		AFD636331B038E1000ABDB3C /* academy.xcdatamodeld in Sources */ = {isa = PBXBuildFile; fileRef = AFD636311B038E1000ABDB3C /* academy.xcdatamodeld */; };
		AFD636391B038E1000ABDB3C /* Main.storyboard in Resources */ = {isa = PBXBuildFile; fileRef = AFD636371B038E1000ABDB3C /* Main.storyboard */; };
		AFD6363B1B038E1000ABDB3C /* Images.xcassets in Resources */ = {isa = PBXBuildFile; fileRef = AFD6363A1B038E1000ABDB3C /* Images.xcassets */; };
		AFD6363E1B038E1000ABDB3C /* LaunchScreen.xib in Resources */ = {isa = PBXBuildFile; fileRef = AFD6363C1B038E1000ABDB3C /* LaunchScreen.xib */; };
		AFD6364A1B038E1000ABDB3C /* academyTests.m in Sources */ = {isa = PBXBuildFile; fileRef = AFD636491B038E1000ABDB3C /* academyTests.m */; };
		AFE0107E1B051CE5005B4B4D /* PackageCellBG.png in Resources */ = {isa = PBXBuildFile; fileRef = AFE0107D1B051CE5005B4B4D /* PackageCellBG.png */; };
		AFE010821B053186005B4B4D /* PackageCell.m in Sources */ = {isa = PBXBuildFile; fileRef = AFE010811B053186005B4B4D /* PackageCell.m */; };
		AFE010841B053547005B4B4D /* PackCellInfoBG.png in Resources */ = {isa = PBXBuildFile; fileRef = AFE010831B053547005B4B4D /* PackCellInfoBG.png */; };
		AFE010871B05A941005B4B4D /* ShopNavVC.m in Sources */ = {isa = PBXBuildFile; fileRef = AFE010861B05A941005B4B4D /* ShopNavVC.m */; };
		AFE6DEE51B03C9E9003E30CA /* UserShelfVC.m in Sources */ = {isa = PBXBuildFile; fileRef = AFE6DEE41B03C9E9003E30CA /* UserShelfVC.m */; };
		AFE6DEE81B03CAF2003E30CA /* ShopVC.m in Sources */ = {isa = PBXBuildFile; fileRef = AFE6DEE71B03CAF2003E30CA /* ShopVC.m */; };
		AFE6DEEB1B03CEDC003E30CA /* SetSelectVC.m in Sources */ = {isa = PBXBuildFile; fileRef = AFE6DEEA1B03CEDC003E30CA /* SetSelectVC.m */; };
		AFE6DEEE1B03D365003E30CA /* UserShelfNavVC.m in Sources */ = {isa = PBXBuildFile; fileRef = AFE6DEED1B03D365003E30CA /* UserShelfNavVC.m */; };
		AFE6DEF11B03D7AC003E30CA /* SetDetailVC.m in Sources */ = {isa = PBXBuildFile; fileRef = AFE6DEF01B03D7AC003E30CA /* SetDetailVC.m */; };
		AFE6DEF41B048FF1003E30CA /* WordInfoVC.m in Sources */ = {isa = PBXBuildFile; fileRef = AFE6DEF31B048FF1003E30CA /* WordInfoVC.m */; };
		AFE6DEFA1B049D97003E30CA /* CardInfo.xib in Resources */ = {isa = PBXBuildFile; fileRef = AFE6DEF91B049D97003E30CA /* CardInfo.xib */; };
		AFE6DEFD1B049DC3003E30CA /* CardInfoView.m in Sources */ = {isa = PBXBuildFile; fileRef = AFE6DEFC1B049DC3003E30CA /* CardInfoView.m */; };
		AFE6DF011B04A83E003E30CA /* Card.png in Resources */ = {isa = PBXBuildFile; fileRef = AFE6DF001B04A83E003E30CA /* Card.png */; };
		AFE7297E1B0DEAB7005F0850 /* SideMenuCell.m in Sources */ = {isa = PBXBuildFile; fileRef = AFE7297D1B0DEAB7005F0850 /* SideMenuCell.m */; };
		AFE729801B0DEFEA005F0850 /* SideMenuCellView.xib in Resources */ = {isa = PBXBuildFile; fileRef = AFE7297F1B0DEFEA005F0850 /* SideMenuCellView.xib */; };
		AFE729821B0DFF69005F0850 /* SideMenuHeaderView.xib in Resources */ = {isa = PBXBuildFile; fileRef = AFE729811B0DFF69005F0850 /* SideMenuHeaderView.xib */; };
		AFE729851B0DFFBA005F0850 /* SideMenuHeader.m in Sources */ = {isa = PBXBuildFile; fileRef = AFE729841B0DFFBA005F0850 /* SideMenuHeader.m */; };
		AFE729871B0E03E7005F0850 /* MenuHeaderBG.png in Resources */ = {isa = PBXBuildFile; fileRef = AFE729861B0E03E7005F0850 /* MenuHeaderBG.png */; };
		AFE729891B0E0820005F0850 /* MenuCellBG.png in Resources */ = {isa = PBXBuildFile; fileRef = AFE729881B0E0820005F0850 /* MenuCellBG.png */; };
		AFED6ADD1B06756100B8AF10 /* SideMenuVC.m in Sources */ = {isa = PBXBuildFile; fileRef = AFED6ADC1B06756100B8AF10 /* SideMenuVC.m */; };
		AFEDE7D91B0DAD00007994CE /* VNF-Gotham-Rounded-Bold.ttf in Resources */ = {isa = PBXBuildFile; fileRef = AFEDE7D71B0DAD00007994CE /* VNF-Gotham-Rounded-Bold.ttf */; };
		AFEDE7DA1B0DAD00007994CE /* VNF-Gotham-Rounded-Book.ttf in Resources */ = {isa = PBXBuildFile; fileRef = AFEDE7D81B0DAD00007994CE /* VNF-Gotham-Rounded-Book.ttf */; };
		AFEE4BAD1B07BE7C00A0FD73 /* Package.m in Sources */ = {isa = PBXBuildFile; fileRef = AFEE4BAC1B07BE7C00A0FD73 /* Package.m */; };
		AFEE4BB01B07BEAF00A0FD73 /* LSet.m in Sources */ = {isa = PBXBuildFile; fileRef = AFEE4BAF1B07BEAF00A0FD73 /* LSet.m */; };
		AFEE4BB31B07BEC100A0FD73 /* Word.m in Sources */ = {isa = PBXBuildFile; fileRef = AFEE4BB21B07BEC100A0FD73 /* Word.m */; };
		AFF2A6691B0BED8700DBFC2A /* ViewBG.jpg in Resources */ = {isa = PBXBuildFile; fileRef = AFF2A6681B0BED8700DBFC2A /* ViewBG.jpg */; };
		AFFB76B31B0A4D0B001489F1 /* PackageInfoVC.m in Sources */ = {isa = PBXBuildFile; fileRef = AFFB76B21B0A4D0B001489F1 /* PackageInfoVC.m */; };
		AFFB76B71B0A5A47001489F1 /* long-blue-btn.png in Resources */ = {isa = PBXBuildFile; fileRef = AFFB76B61B0A5A47001489F1 /* long-blue-btn.png */; };
		C34203DA1B0A18650058FFE2 /* Meaning.m in Sources */ = {isa = PBXBuildFile; fileRef = C34203D91B0A18650058FFE2 /* Meaning.m */; };
		C36AEB261B0711A800A40692 /* AModel.m in Sources */ = {isa = PBXBuildFile; fileRef = C36AEB251B0711A800A40692 /* AModel.m */; };
		C36AEB281B071C6E00A40692 /* AModelTest.m in Sources */ = {isa = PBXBuildFile; fileRef = C36AEB271B071C6E00A40692 /* AModelTest.m */; };
		C36DF4EB1B084C3900C225DA /* DataEngine.m in Sources */ = {isa = PBXBuildFile; fileRef = C36DF4EA1B084C3900C225DA /* DataEngine.m */; };
		C36DF4EF1B0853B300C225DA /* LoginVC.m in Sources */ = {isa = PBXBuildFile; fileRef = C36DF4EE1B0853B300C225DA /* LoginVC.m */; };
		C36DF4F21B088B3D00C225DA /* UserPackage.m in Sources */ = {isa = PBXBuildFile; fileRef = C36DF4F11B088B3D00C225DA /* UserPackage.m */; };
		C37437271B0721A00002E46F /* User.m in Sources */ = {isa = PBXBuildFile; fileRef = C37437261B0721A00002E46F /* User.m */; };
		C37437291B0722ED0002E46F /* UserTest.m in Sources */ = {isa = PBXBuildFile; fileRef = C37437281B0722ED0002E46F /* UserTest.m */; };
/* End PBXBuildFile section */

/* Begin PBXContainerItemProxy section */
		AFD636441B038E1000ABDB3C /* PBXContainerItemProxy */ = {
			isa = PBXContainerItemProxy;
			containerPortal = AFD6361F1B038E1000ABDB3C /* Project object */;
			proxyType = 1;
			remoteGlobalIDString = AFD636261B038E1000ABDB3C;
			remoteInfo = academy;
		};
/* End PBXContainerItemProxy section */

/* Begin PBXFileReference section */
		19415BF26ACA690DC120472F /* libPods-academy.a */ = {isa = PBXFileReference; explicitFileType = archive.ar; includeInIndex = 0; path = "libPods-academy.a"; sourceTree = BUILT_PRODUCTS_DIR; };
		AF0241CE1B0F0BA00019B3E2 /* CardTestMultipleChoice.xib */ = {isa = PBXFileReference; fileEncoding = 4; lastKnownFileType = file.xib; name = CardTestMultipleChoice.xib; path = academy/CardView/CardTestMultipleChoice.xib; sourceTree = SOURCE_ROOT; };
		AF0241D01B0F16560019B3E2 /* WordTestVC.h */ = {isa = PBXFileReference; fileEncoding = 4; lastKnownFileType = sourcecode.c.h; path = WordTestVC.h; sourceTree = "<group>"; };
		AF0241D11B0F16560019B3E2 /* WordTestVC.m */ = {isa = PBXFileReference; fileEncoding = 4; lastKnownFileType = sourcecode.c.objc; path = WordTestVC.m; sourceTree = "<group>"; };
		AF0241D31B0F18930019B3E2 /* WordDisplayView.h */ = {isa = PBXFileReference; fileEncoding = 4; lastKnownFileType = sourcecode.c.h; path = WordDisplayView.h; sourceTree = "<group>"; };
		AF0241D41B0F18930019B3E2 /* WordDisplayView.m */ = {isa = PBXFileReference; fileEncoding = 4; lastKnownFileType = sourcecode.c.objc; path = WordDisplayView.m; sourceTree = "<group>"; };
		AF0ED9C11B142C5400340BA5 /* medium-green-btn.png */ = {isa = PBXFileReference; lastKnownFileType = image.png; name = "medium-green-btn.png"; path = "Graphics/medium-green-btn.png"; sourceTree = "<group>"; };
		AF0ED9C51B1473D300340BA5 /* speaker-btn */ = {isa = PBXFileReference; lastKnownFileType = file; name = "speaker-btn"; path = "Graphics/speaker-btn"; sourceTree = "<group>"; };
		AF7869A31B10BDB9009BE37B /* MenuBtn.png */ = {isa = PBXFileReference; lastKnownFileType = image.png; name = MenuBtn.png; path = Graphics/MenuBtn.png; sourceTree = "<group>"; };
		AF7869A51B10CB9B009BE37B /* SoundEngine.h */ = {isa = PBXFileReference; fileEncoding = 4; lastKnownFileType = sourcecode.c.h; path = SoundEngine.h; sourceTree = "<group>"; };
		AF7869A61B10CB9B009BE37B /* SoundEngine.m */ = {isa = PBXFileReference; fileEncoding = 4; lastKnownFileType = sourcecode.c.objc; path = SoundEngine.m; sourceTree = "<group>"; };
		AF7869A81B10CBD3009BE37B /* AVFoundation.framework */ = {isa = PBXFileReference; lastKnownFileType = wrapper.framework; name = AVFoundation.framework; path = System/Library/Frameworks/AVFoundation.framework; sourceTree = SDKROOT; };
		AF7869AB1B10CFCC009BE37B /* Correct.mp3 */ = {isa = PBXFileReference; lastKnownFileType = audio.mp3; name = Correct.mp3; path = Sounds/Correct.mp3; sourceTree = "<group>"; };
		AF7869AD1B10D0C1009BE37B /* AudioToolbox.framework */ = {isa = PBXFileReference; lastKnownFileType = wrapper.framework; name = AudioToolbox.framework; path = System/Library/Frameworks/AudioToolbox.framework; sourceTree = SDKROOT; };
		AF7869AF1B10D48A009BE37B /* tick.png */ = {isa = PBXFileReference; lastKnownFileType = image.png; name = tick.png; path = Graphics/tick.png; sourceTree = "<group>"; };
		AF7869B71B10F71B009BE37B /* demo.png */ = {isa = PBXFileReference; lastKnownFileType = image.png; name = demo.png; path = Graphics/demo.png; sourceTree = "<group>"; };
		AFC27B7D1B0EEC5700225016 /* arrows.png */ = {isa = PBXFileReference; lastKnownFileType = image.png; name = arrows.png; path = Graphics/Icons/arrows.png; sourceTree = "<group>"; };
		AFC27B7E1B0EEC5700225016 /* bag.png */ = {isa = PBXFileReference; lastKnownFileType = image.png; name = bag.png; path = Graphics/Icons/bag.png; sourceTree = "<group>"; };
		AFC27B7F1B0EEC5700225016 /* basket.png */ = {isa = PBXFileReference; lastKnownFileType = image.png; name = basket.png; path = Graphics/Icons/basket.png; sourceTree = "<group>"; };
		AFC27B801B0EEC5700225016 /* book.png */ = {isa = PBXFileReference; lastKnownFileType = image.png; name = book.png; path = Graphics/Icons/book.png; sourceTree = "<group>"; };
		AFC27B811B0EEC5700225016 /* box.png */ = {isa = PBXFileReference; lastKnownFileType = image.png; name = box.png; path = Graphics/Icons/box.png; sourceTree = "<group>"; };
		AFC27B821B0EEC5700225016 /* browser.png */ = {isa = PBXFileReference; lastKnownFileType = image.png; name = browser.png; path = Graphics/Icons/browser.png; sourceTree = "<group>"; };
		AFC27B831B0EEC5700225016 /* building.png */ = {isa = PBXFileReference; lastKnownFileType = image.png; name = building.png; path = Graphics/Icons/building.png; sourceTree = "<group>"; };
		AFC27B841B0EEC5700225016 /* calculator.png */ = {isa = PBXFileReference; lastKnownFileType = image.png; name = calculator.png; path = Graphics/Icons/calculator.png; sourceTree = "<group>"; };
		AFC27B851B0EEC5700225016 /* calendar.png */ = {isa = PBXFileReference; lastKnownFileType = image.png; name = calendar.png; path = Graphics/Icons/calendar.png; sourceTree = "<group>"; };
		AFC27B861B0EEC5700225016 /* call.png */ = {isa = PBXFileReference; lastKnownFileType = image.png; name = call.png; path = Graphics/Icons/call.png; sourceTree = "<group>"; };
		AFC27B871B0EEC5700225016 /* camera.png */ = {isa = PBXFileReference; lastKnownFileType = image.png; name = camera.png; path = Graphics/Icons/camera.png; sourceTree = "<group>"; };
		AFC27B881B0EEC5700225016 /* clock.png */ = {isa = PBXFileReference; lastKnownFileType = image.png; name = clock.png; path = Graphics/Icons/clock.png; sourceTree = "<group>"; };
		AFC27B891B0EEC5700225016 /* cloudupload.png */ = {isa = PBXFileReference; lastKnownFileType = image.png; name = cloudupload.png; path = Graphics/Icons/cloudupload.png; sourceTree = "<group>"; };
		AFC27B8A1B0EEC5700225016 /* comment.png */ = {isa = PBXFileReference; lastKnownFileType = image.png; name = comment.png; path = Graphics/Icons/comment.png; sourceTree = "<group>"; };
		AFC27B8B1B0EEC5700225016 /* compass.png */ = {isa = PBXFileReference; lastKnownFileType = image.png; name = compass.png; path = Graphics/Icons/compass.png; sourceTree = "<group>"; };
		AFC27B8C1B0EEC5700225016 /* config.png */ = {isa = PBXFileReference; lastKnownFileType = image.png; name = config.png; path = Graphics/Icons/config.png; sourceTree = "<group>"; };
		AFC27B8D1B0EEC5700225016 /* console.png */ = {isa = PBXFileReference; lastKnownFileType = image.png; name = console.png; path = Graphics/Icons/console.png; sourceTree = "<group>"; };
		AFC27B8E1B0EEC5700225016 /* count.png */ = {isa = PBXFileReference; lastKnownFileType = image.png; name = count.png; path = Graphics/Icons/count.png; sourceTree = "<group>"; };
		AFC27B8F1B0EEC5700225016 /* creditcard.png */ = {isa = PBXFileReference; lastKnownFileType = image.png; name = creditcard.png; path = Graphics/Icons/creditcard.png; sourceTree = "<group>"; };
		AFC27B901B0EEC5700225016 /* disk.png */ = {isa = PBXFileReference; lastKnownFileType = image.png; name = disk.png; path = Graphics/Icons/disk.png; sourceTree = "<group>"; };
		AFC27B911B0EEC5700225016 /* diskette.png */ = {isa = PBXFileReference; lastKnownFileType = image.png; name = diskette.png; path = Graphics/Icons/diskette.png; sourceTree = "<group>"; };
		AFC27B921B0EEC5700225016 /* download.png */ = {isa = PBXFileReference; lastKnownFileType = image.png; name = download.png; path = Graphics/Icons/download.png; sourceTree = "<group>"; };
		AFC27B931B0EEC5700225016 /* drop.png */ = {isa = PBXFileReference; lastKnownFileType = image.png; name = drop.png; path = Graphics/Icons/drop.png; sourceTree = "<group>"; };
		AFC27B941B0EEC5700225016 /* easel.png */ = {isa = PBXFileReference; lastKnownFileType = image.png; name = easel.png; path = Graphics/Icons/easel.png; sourceTree = "<group>"; };
		AFC27B951B0EEC5700225016 /* film.png */ = {isa = PBXFileReference; lastKnownFileType = image.png; name = film.png; path = Graphics/Icons/film.png; sourceTree = "<group>"; };
		AFC27B961B0EEC5700225016 /* flag.png */ = {isa = PBXFileReference; lastKnownFileType = image.png; name = flag.png; path = Graphics/Icons/flag.png; sourceTree = "<group>"; };
		AFC27B971B0EEC5700225016 /* football.png */ = {isa = PBXFileReference; lastKnownFileType = image.png; name = football.png; path = Graphics/Icons/football.png; sourceTree = "<group>"; };
		AFC27B981B0EEC5700225016 /* graph.png */ = {isa = PBXFileReference; lastKnownFileType = image.png; name = graph.png; path = Graphics/Icons/graph.png; sourceTree = "<group>"; };
		AFC27B991B0EEC5700225016 /* home.png */ = {isa = PBXFileReference; lastKnownFileType = image.png; name = home.png; path = Graphics/Icons/home.png; sourceTree = "<group>"; };
		AFC27B9A1B0EEC5700225016 /* hotcup.png */ = {isa = PBXFileReference; lastKnownFileType = image.png; name = hotcup.png; path = Graphics/Icons/hotcup.png; sourceTree = "<group>"; };
		AFC27B9B1B0EEC5700225016 /* letter.png */ = {isa = PBXFileReference; lastKnownFileType = image.png; name = letter.png; path = Graphics/Icons/letter.png; sourceTree = "<group>"; };
		AFC27B9C1B0EEC5700225016 /* lifesaver.png */ = {isa = PBXFileReference; lastKnownFileType = image.png; name = lifesaver.png; path = Graphics/Icons/lifesaver.png; sourceTree = "<group>"; };
		AFC27B9D1B0EEC5700225016 /* lock.png */ = {isa = PBXFileReference; lastKnownFileType = image.png; name = lock.png; path = Graphics/Icons/lock.png; sourceTree = "<group>"; };
		AFC27B9E1B0EEC5700225016 /* love.png */ = {isa = PBXFileReference; lastKnownFileType = image.png; name = love.png; path = Graphics/Icons/love.png; sourceTree = "<group>"; };
		AFC27B9F1B0EEC5700225016 /* mail.png */ = {isa = PBXFileReference; lastKnownFileType = image.png; name = mail.png; path = Graphics/Icons/mail.png; sourceTree = "<group>"; };
		AFC27BA01B0EEC5700225016 /* money.png */ = {isa = PBXFileReference; lastKnownFileType = image.png; name = money.png; path = Graphics/Icons/money.png; sourceTree = "<group>"; };
		AFC27BA11B0EEC5700225016 /* monitor.png */ = {isa = PBXFileReference; lastKnownFileType = image.png; name = monitor.png; path = Graphics/Icons/monitor.png; sourceTree = "<group>"; };
		AFC27BA21B0EEC5700225016 /* music.png */ = {isa = PBXFileReference; lastKnownFileType = image.png; name = music.png; path = Graphics/Icons/music.png; sourceTree = "<group>"; };
		AFC27BA31B0EEC5700225016 /* news.png */ = {isa = PBXFileReference; lastKnownFileType = image.png; name = news.png; path = Graphics/Icons/news.png; sourceTree = "<group>"; };
		AFC27BA41B0EEC5700225016 /* notes.png */ = {isa = PBXFileReference; lastKnownFileType = image.png; name = notes.png; path = Graphics/Icons/notes.png; sourceTree = "<group>"; };
		AFC27BA51B0EEC5700225016 /* officephone.png */ = {isa = PBXFileReference; lastKnownFileType = image.png; name = officephone.png; path = Graphics/Icons/officephone.png; sourceTree = "<group>"; };
		AFC27BA61B0EEC5700225016 /* openmail.png */ = {isa = PBXFileReference; lastKnownFileType = image.png; name = openmail.png; path = Graphics/Icons/openmail.png; sourceTree = "<group>"; };
		AFC27BA71B0EEC5700225016 /* phone.png */ = {isa = PBXFileReference; lastKnownFileType = image.png; name = phone.png; path = Graphics/Icons/phone.png; sourceTree = "<group>"; };
		AFC27BA81B0EEC5700225016 /* photo.png */ = {isa = PBXFileReference; lastKnownFileType = image.png; name = photo.png; path = Graphics/Icons/photo.png; sourceTree = "<group>"; };
		AFC27BA91B0EEC5700225016 /* portfolio.png */ = {isa = PBXFileReference; lastKnownFileType = image.png; name = portfolio.png; path = Graphics/Icons/portfolio.png; sourceTree = "<group>"; };
		AFC27BAA1B0EEC5700225016 /* printer.png */ = {isa = PBXFileReference; lastKnownFileType = image.png; name = printer.png; path = Graphics/Icons/printer.png; sourceTree = "<group>"; };
		AFC27BAB1B0EEC5700225016 /* radio.png */ = {isa = PBXFileReference; lastKnownFileType = image.png; name = radio.png; path = Graphics/Icons/radio.png; sourceTree = "<group>"; };
		AFC27BAC1B0EEC5700225016 /* rain.png */ = {isa = PBXFileReference; lastKnownFileType = image.png; name = rain.png; path = Graphics/Icons/rain.png; sourceTree = "<group>"; };
		AFC27BAD1B0EEC5700225016 /* ribbon.png */ = {isa = PBXFileReference; lastKnownFileType = image.png; name = ribbon.png; path = Graphics/Icons/ribbon.png; sourceTree = "<group>"; };
		AFC27BAE1B0EEC5700225016 /* safe.png */ = {isa = PBXFileReference; lastKnownFileType = image.png; name = safe.png; path = Graphics/Icons/safe.png; sourceTree = "<group>"; };
		AFC27BAF1B0EEC5700225016 /* search.png */ = {isa = PBXFileReference; lastKnownFileType = image.png; name = search.png; path = Graphics/Icons/search.png; sourceTree = "<group>"; };
		AFC27BB01B0EEC5700225016 /* setting.png */ = {isa = PBXFileReference; lastKnownFileType = image.png; name = setting.png; path = Graphics/Icons/setting.png; sourceTree = "<group>"; };
		AFC27BB11B0EEC5700225016 /* shop.png */ = {isa = PBXFileReference; lastKnownFileType = image.png; name = shop.png; path = Graphics/Icons/shop.png; sourceTree = "<group>"; };
		AFC27BB21B0EEC5700225016 /* speech.png */ = {isa = PBXFileReference; lastKnownFileType = image.png; name = speech.png; path = Graphics/Icons/speech.png; sourceTree = "<group>"; };
		AFC27BB31B0EEC5700225016 /* statistic.png */ = {isa = PBXFileReference; lastKnownFileType = image.png; name = statistic.png; path = Graphics/Icons/statistic.png; sourceTree = "<group>"; };
		AFC27BB41B0EEC5700225016 /* switch.png */ = {isa = PBXFileReference; lastKnownFileType = image.png; name = switch.png; path = Graphics/Icons/switch.png; sourceTree = "<group>"; };
		AFC27BB51B0EEC5700225016 /* tablet.png */ = {isa = PBXFileReference; lastKnownFileType = image.png; name = tablet.png; path = Graphics/Icons/tablet.png; sourceTree = "<group>"; };
		AFC27BB61B0EEC5700225016 /* ticket.png */ = {isa = PBXFileReference; lastKnownFileType = image.png; name = ticket.png; path = Graphics/Icons/ticket.png; sourceTree = "<group>"; };
		AFC27BB71B0EEC5700225016 /* truck.png */ = {isa = PBXFileReference; lastKnownFileType = image.png; name = truck.png; path = Graphics/Icons/truck.png; sourceTree = "<group>"; };
		AFC27BB81B0EEC5700225016 /* tv.png */ = {isa = PBXFileReference; lastKnownFileType = image.png; name = tv.png; path = Graphics/Icons/tv.png; sourceTree = "<group>"; };
		AFC27BB91B0EEC5700225016 /* upload.png */ = {isa = PBXFileReference; lastKnownFileType = image.png; name = upload.png; path = Graphics/Icons/upload.png; sourceTree = "<group>"; };
		AFC27BBA1B0EEC5700225016 /* user.png */ = {isa = PBXFileReference; lastKnownFileType = image.png; name = user.png; path = Graphics/Icons/user.png; sourceTree = "<group>"; };
		AFC27BBB1B0EEC5700225016 /* user2.png */ = {isa = PBXFileReference; lastKnownFileType = image.png; name = user2.png; path = Graphics/Icons/user2.png; sourceTree = "<group>"; };
		AFC27BBC1B0EEC5700225016 /* view.png */ = {isa = PBXFileReference; lastKnownFileType = image.png; name = view.png; path = Graphics/Icons/view.png; sourceTree = "<group>"; };
		AFC27BBD1B0EEC5700225016 /* voicemail.png */ = {isa = PBXFileReference; lastKnownFileType = image.png; name = voicemail.png; path = Graphics/Icons/voicemail.png; sourceTree = "<group>"; };
		AFC27BBE1B0EEC5700225016 /* wallet.png */ = {isa = PBXFileReference; lastKnownFileType = image.png; name = wallet.png; path = Graphics/Icons/wallet.png; sourceTree = "<group>"; };
		AFC27BBF1B0EEC5700225016 /* weather.png */ = {isa = PBXFileReference; lastKnownFileType = image.png; name = weather.png; path = Graphics/Icons/weather.png; sourceTree = "<group>"; };
		AFC27BC01B0EEC5700225016 /* worldglobe.png */ = {isa = PBXFileReference; lastKnownFileType = image.png; name = worldglobe.png; path = Graphics/Icons/worldglobe.png; sourceTree = "<group>"; };
		AFC27C051B0EF01A00225016 /* MyUIEngine.h */ = {isa = PBXFileReference; fileEncoding = 4; lastKnownFileType = sourcecode.c.h; path = MyUIEngine.h; sourceTree = "<group>"; };
		AFC27C061B0EF01A00225016 /* MyUIEngine.m */ = {isa = PBXFileReference; fileEncoding = 4; lastKnownFileType = sourcecode.c.objc; path = MyUIEngine.m; sourceTree = "<group>"; };
		AFCB0D1E1B11D56000F5688F /* AlertBG_Giraffe.png */ = {isa = PBXFileReference; lastKnownFileType = image.png; name = AlertBG_Giraffe.png; path = Graphics/AlertBG/AlertBG_Giraffe.png; sourceTree = "<group>"; };
		AFCB0D201B11D59700F5688F /* AlertCartoonView.h */ = {isa = PBXFileReference; fileEncoding = 4; lastKnownFileType = sourcecode.c.h; path = AlertCartoonView.h; sourceTree = "<group>"; };
		AFCB0D211B11D59700F5688F /* AlertCartoonView.m */ = {isa = PBXFileReference; fileEncoding = 4; lastKnownFileType = sourcecode.c.objc; path = AlertCartoonView.m; sourceTree = "<group>"; };
		AFCB0D231B11D5B000F5688F /* CartoonView.xib */ = {isa = PBXFileReference; fileEncoding = 4; lastKnownFileType = file.xib; path = CartoonView.xib; sourceTree = "<group>"; };
		AFCB0D251B11E71000F5688F /* TestMaker.h */ = {isa = PBXFileReference; fileEncoding = 4; lastKnownFileType = sourcecode.c.h; path = TestMaker.h; sourceTree = "<group>"; };
		AFCB0D261B11E71000F5688F /* TestMaker.m */ = {isa = PBXFileReference; fileEncoding = 4; lastKnownFileType = sourcecode.c.objc; path = TestMaker.m; sourceTree = "<group>"; };
		AFCB0D2E1B11ED3F00F5688F /* CardMultipleChoiceView.h */ = {isa = PBXFileReference; fileEncoding = 4; lastKnownFileType = sourcecode.c.h; path = CardMultipleChoiceView.h; sourceTree = "<group>"; };
		AFCB0D2F1B11ED3F00F5688F /* CardMultipleChoiceView.m */ = {isa = PBXFileReference; fileEncoding = 4; lastKnownFileType = sourcecode.c.objc; path = CardMultipleChoiceView.m; sourceTree = "<group>"; };
		AFCB0D311B11F89A00F5688F /* CardTypeAnswer.xib */ = {isa = PBXFileReference; fileEncoding = 4; lastKnownFileType = file.xib; path = CardTypeAnswer.xib; sourceTree = "<group>"; };
		AFCB0D331B11F8F800F5688F /* CardTypeAnswerView.h */ = {isa = PBXFileReference; fileEncoding = 4; lastKnownFileType = sourcecode.c.h; path = CardTypeAnswerView.h; sourceTree = "<group>"; };
		AFCB0D341B11F8F800F5688F /* CardTypeAnswerView.m */ = {isa = PBXFileReference; fileEncoding = 4; lastKnownFileType = sourcecode.c.objc; path = CardTypeAnswerView.m; sourceTree = "<group>"; };
		AFCFE5F91B04E315006D9744 /* medium-blue-btn.png */ = {isa = PBXFileReference; lastKnownFileType = image.png; name = "medium-blue-btn.png"; path = "Graphics/medium-blue-btn.png"; sourceTree = "<group>"; };
		AFCFE5FA1B04E315006D9744 /* medium-red-btn.png */ = {isa = PBXFileReference; lastKnownFileType = image.png; name = "medium-red-btn.png"; path = "Graphics/medium-red-btn.png"; sourceTree = "<group>"; };
		AFCFE5FD1B04E668006D9744 /* cross.png */ = {isa = PBXFileReference; lastKnownFileType = image.png; name = cross.png; path = Graphics/cross.png; sourceTree = "<group>"; };
		AFD636271B038E1000ABDB3C /* academy.app */ = {isa = PBXFileReference; explicitFileType = wrapper.application; includeInIndex = 0; path = academy.app; sourceTree = BUILT_PRODUCTS_DIR; };
		AFD6362B1B038E1000ABDB3C /* Info.plist */ = {isa = PBXFileReference; lastKnownFileType = text.plist.xml; path = Info.plist; sourceTree = "<group>"; };
		AFD6362C1B038E1000ABDB3C /* main.m */ = {isa = PBXFileReference; lastKnownFileType = sourcecode.c.objc; path = main.m; sourceTree = "<group>"; };
		AFD6362E1B038E1000ABDB3C /* AppDelegate.h */ = {isa = PBXFileReference; lastKnownFileType = sourcecode.c.h; path = AppDelegate.h; sourceTree = "<group>"; };
		AFD6362F1B038E1000ABDB3C /* AppDelegate.m */ = {isa = PBXFileReference; lastKnownFileType = sourcecode.c.objc; path = AppDelegate.m; sourceTree = "<group>"; };
		AFD636321B038E1000ABDB3C /* academy.xcdatamodel */ = {isa = PBXFileReference; lastKnownFileType = wrapper.xcdatamodel; path = academy.xcdatamodel; sourceTree = "<group>"; };
		AFD636381B038E1000ABDB3C /* Base */ = {isa = PBXFileReference; lastKnownFileType = file.storyboard; name = Base; path = Base.lproj/Main.storyboard; sourceTree = "<group>"; };
		AFD6363A1B038E1000ABDB3C /* Images.xcassets */ = {isa = PBXFileReference; lastKnownFileType = folder.assetcatalog; path = Images.xcassets; sourceTree = "<group>"; };
		AFD6363D1B038E1000ABDB3C /* Base */ = {isa = PBXFileReference; lastKnownFileType = file.xib; name = Base; path = Base.lproj/LaunchScreen.xib; sourceTree = "<group>"; };
		AFD636431B038E1000ABDB3C /* academyTests.xctest */ = {isa = PBXFileReference; explicitFileType = wrapper.cfbundle; includeInIndex = 0; path = academyTests.xctest; sourceTree = BUILT_PRODUCTS_DIR; };
		AFD636481B038E1000ABDB3C /* Info.plist */ = {isa = PBXFileReference; lastKnownFileType = text.plist.xml; path = Info.plist; sourceTree = "<group>"; };
		AFD636491B038E1000ABDB3C /* academyTests.m */ = {isa = PBXFileReference; lastKnownFileType = sourcecode.c.objc; path = academyTests.m; sourceTree = "<group>"; };
		AFE0107D1B051CE5005B4B4D /* PackageCellBG.png */ = {isa = PBXFileReference; lastKnownFileType = image.png; name = PackageCellBG.png; path = Graphics/PackageCellBG.png; sourceTree = "<group>"; };
		AFE010801B053186005B4B4D /* PackageCell.h */ = {isa = PBXFileReference; fileEncoding = 4; lastKnownFileType = sourcecode.c.h; path = PackageCell.h; sourceTree = "<group>"; };
		AFE010811B053186005B4B4D /* PackageCell.m */ = {isa = PBXFileReference; fileEncoding = 4; lastKnownFileType = sourcecode.c.objc; path = PackageCell.m; sourceTree = "<group>"; };
		AFE010831B053547005B4B4D /* PackCellInfoBG.png */ = {isa = PBXFileReference; lastKnownFileType = image.png; name = PackCellInfoBG.png; path = Graphics/PackCellInfoBG.png; sourceTree = "<group>"; };
		AFE010851B05A941005B4B4D /* ShopNavVC.h */ = {isa = PBXFileReference; fileEncoding = 4; lastKnownFileType = sourcecode.c.h; path = ShopNavVC.h; sourceTree = "<group>"; };
		AFE010861B05A941005B4B4D /* ShopNavVC.m */ = {isa = PBXFileReference; fileEncoding = 4; lastKnownFileType = sourcecode.c.objc; path = ShopNavVC.m; sourceTree = "<group>"; };
		AFE6DEE31B03C9E9003E30CA /* UserShelfVC.h */ = {isa = PBXFileReference; fileEncoding = 4; lastKnownFileType = sourcecode.c.h; path = UserShelfVC.h; sourceTree = "<group>"; };
		AFE6DEE41B03C9E9003E30CA /* UserShelfVC.m */ = {isa = PBXFileReference; fileEncoding = 4; lastKnownFileType = sourcecode.c.objc; path = UserShelfVC.m; sourceTree = "<group>"; };
		AFE6DEE61B03CAF2003E30CA /* ShopVC.h */ = {isa = PBXFileReference; fileEncoding = 4; lastKnownFileType = sourcecode.c.h; path = ShopVC.h; sourceTree = "<group>"; };
		AFE6DEE71B03CAF2003E30CA /* ShopVC.m */ = {isa = PBXFileReference; fileEncoding = 4; lastKnownFileType = sourcecode.c.objc; path = ShopVC.m; sourceTree = "<group>"; };
		AFE6DEE91B03CEDC003E30CA /* SetSelectVC.h */ = {isa = PBXFileReference; fileEncoding = 4; lastKnownFileType = sourcecode.c.h; path = SetSelectVC.h; sourceTree = "<group>"; };
		AFE6DEEA1B03CEDC003E30CA /* SetSelectVC.m */ = {isa = PBXFileReference; fileEncoding = 4; lastKnownFileType = sourcecode.c.objc; path = SetSelectVC.m; sourceTree = "<group>"; };
		AFE6DEEC1B03D365003E30CA /* UserShelfNavVC.h */ = {isa = PBXFileReference; fileEncoding = 4; lastKnownFileType = sourcecode.c.h; path = UserShelfNavVC.h; sourceTree = "<group>"; };
		AFE6DEED1B03D365003E30CA /* UserShelfNavVC.m */ = {isa = PBXFileReference; fileEncoding = 4; lastKnownFileType = sourcecode.c.objc; path = UserShelfNavVC.m; sourceTree = "<group>"; };
		AFE6DEEF1B03D7AC003E30CA /* SetDetailVC.h */ = {isa = PBXFileReference; fileEncoding = 4; lastKnownFileType = sourcecode.c.h; path = SetDetailVC.h; sourceTree = "<group>"; };
		AFE6DEF01B03D7AC003E30CA /* SetDetailVC.m */ = {isa = PBXFileReference; fileEncoding = 4; lastKnownFileType = sourcecode.c.objc; path = SetDetailVC.m; sourceTree = "<group>"; };
		AFE6DEF21B048FF1003E30CA /* WordInfoVC.h */ = {isa = PBXFileReference; fileEncoding = 4; lastKnownFileType = sourcecode.c.h; path = WordInfoVC.h; sourceTree = "<group>"; };
		AFE6DEF31B048FF1003E30CA /* WordInfoVC.m */ = {isa = PBXFileReference; fileEncoding = 4; lastKnownFileType = sourcecode.c.objc; path = WordInfoVC.m; sourceTree = "<group>"; };
		AFE6DEF91B049D97003E30CA /* CardInfo.xib */ = {isa = PBXFileReference; fileEncoding = 4; lastKnownFileType = file.xib; name = CardInfo.xib; path = academy/CardView/CardInfo.xib; sourceTree = SOURCE_ROOT; };
		AFE6DEFB1B049DC3003E30CA /* CardInfoView.h */ = {isa = PBXFileReference; fileEncoding = 4; lastKnownFileType = sourcecode.c.h; path = CardInfoView.h; sourceTree = "<group>"; };
		AFE6DEFC1B049DC3003E30CA /* CardInfoView.m */ = {isa = PBXFileReference; fileEncoding = 4; lastKnownFileType = sourcecode.c.objc; path = CardInfoView.m; sourceTree = "<group>"; };
		AFE6DF001B04A83E003E30CA /* Card.png */ = {isa = PBXFileReference; lastKnownFileType = image.png; name = Card.png; path = Graphics/Card.png; sourceTree = "<group>"; };
		AFE7297C1B0DEAB7005F0850 /* SideMenuCell.h */ = {isa = PBXFileReference; fileEncoding = 4; lastKnownFileType = sourcecode.c.h; path = SideMenuCell.h; sourceTree = "<group>"; };
		AFE7297D1B0DEAB7005F0850 /* SideMenuCell.m */ = {isa = PBXFileReference; fileEncoding = 4; lastKnownFileType = sourcecode.c.objc; path = SideMenuCell.m; sourceTree = "<group>"; };
		AFE7297F1B0DEFEA005F0850 /* SideMenuCellView.xib */ = {isa = PBXFileReference; fileEncoding = 4; lastKnownFileType = file.xib; path = SideMenuCellView.xib; sourceTree = "<group>"; };
		AFE729811B0DFF69005F0850 /* SideMenuHeaderView.xib */ = {isa = PBXFileReference; fileEncoding = 4; lastKnownFileType = file.xib; path = SideMenuHeaderView.xib; sourceTree = "<group>"; };
		AFE729831B0DFFBA005F0850 /* SideMenuHeader.h */ = {isa = PBXFileReference; fileEncoding = 4; lastKnownFileType = sourcecode.c.h; path = SideMenuHeader.h; sourceTree = "<group>"; };
		AFE729841B0DFFBA005F0850 /* SideMenuHeader.m */ = {isa = PBXFileReference; fileEncoding = 4; lastKnownFileType = sourcecode.c.objc; path = SideMenuHeader.m; sourceTree = "<group>"; };
		AFE729861B0E03E7005F0850 /* MenuHeaderBG.png */ = {isa = PBXFileReference; lastKnownFileType = image.png; name = MenuHeaderBG.png; path = Graphics/MenuHeaderBG.png; sourceTree = "<group>"; };
		AFE729881B0E0820005F0850 /* MenuCellBG.png */ = {isa = PBXFileReference; lastKnownFileType = image.png; name = MenuCellBG.png; path = Graphics/MenuCellBG.png; sourceTree = "<group>"; };
		AFED6ADB1B06756100B8AF10 /* SideMenuVC.h */ = {isa = PBXFileReference; fileEncoding = 4; lastKnownFileType = sourcecode.c.h; path = SideMenuVC.h; sourceTree = "<group>"; };
		AFED6ADC1B06756100B8AF10 /* SideMenuVC.m */ = {isa = PBXFileReference; fileEncoding = 4; lastKnownFileType = sourcecode.c.objc; path = SideMenuVC.m; sourceTree = "<group>"; };
		AFEDE7D71B0DAD00007994CE /* VNF-Gotham-Rounded-Bold.ttf */ = {isa = PBXFileReference; lastKnownFileType = file; name = "VNF-Gotham-Rounded-Bold.ttf"; path = "Fonts/VNF-Gotham-Rounded-Bold.ttf"; sourceTree = "<group>"; };
		AFEDE7D81B0DAD00007994CE /* VNF-Gotham-Rounded-Book.ttf */ = {isa = PBXFileReference; lastKnownFileType = file; name = "VNF-Gotham-Rounded-Book.ttf"; path = "Fonts/VNF-Gotham-Rounded-Book.ttf"; sourceTree = "<group>"; };
		AFEE4BAB1B07BE7C00A0FD73 /* Package.h */ = {isa = PBXFileReference; fileEncoding = 4; lastKnownFileType = sourcecode.c.h; path = Package.h; sourceTree = "<group>"; };
		AFEE4BAC1B07BE7C00A0FD73 /* Package.m */ = {isa = PBXFileReference; fileEncoding = 4; lastKnownFileType = sourcecode.c.objc; path = Package.m; sourceTree = "<group>"; };
		AFEE4BAE1B07BEAF00A0FD73 /* LSet.h */ = {isa = PBXFileReference; fileEncoding = 4; lastKnownFileType = sourcecode.c.h; path = LSet.h; sourceTree = "<group>"; };
		AFEE4BAF1B07BEAF00A0FD73 /* LSet.m */ = {isa = PBXFileReference; fileEncoding = 4; lastKnownFileType = sourcecode.c.objc; path = LSet.m; sourceTree = "<group>"; };
		AFEE4BB11B07BEC100A0FD73 /* Word.h */ = {isa = PBXFileReference; fileEncoding = 4; lastKnownFileType = sourcecode.c.h; path = Word.h; sourceTree = "<group>"; };
		AFEE4BB21B07BEC100A0FD73 /* Word.m */ = {isa = PBXFileReference; fileEncoding = 4; lastKnownFileType = sourcecode.c.objc; path = Word.m; sourceTree = "<group>"; };
		AFF2A6681B0BED8700DBFC2A /* ViewBG.jpg */ = {isa = PBXFileReference; lastKnownFileType = image.jpeg; name = ViewBG.jpg; path = Graphics/ViewBG.jpg; sourceTree = "<group>"; };
		AFFB76B11B0A4D0B001489F1 /* PackageInfoVC.h */ = {isa = PBXFileReference; fileEncoding = 4; lastKnownFileType = sourcecode.c.h; path = PackageInfoVC.h; sourceTree = "<group>"; };
		AFFB76B21B0A4D0B001489F1 /* PackageInfoVC.m */ = {isa = PBXFileReference; fileEncoding = 4; lastKnownFileType = sourcecode.c.objc; path = PackageInfoVC.m; sourceTree = "<group>"; };
		AFFB76B61B0A5A47001489F1 /* long-blue-btn.png */ = {isa = PBXFileReference; lastKnownFileType = image.png; name = "long-blue-btn.png"; path = "Graphics/long-blue-btn.png"; sourceTree = "<group>"; };
		C34203D81B0A18650058FFE2 /* Meaning.h */ = {isa = PBXFileReference; fileEncoding = 4; lastKnownFileType = sourcecode.c.h; path = Meaning.h; sourceTree = "<group>"; };
		C34203D91B0A18650058FFE2 /* Meaning.m */ = {isa = PBXFileReference; fileEncoding = 4; lastKnownFileType = sourcecode.c.objc; path = Meaning.m; sourceTree = "<group>"; };
		C36AEB241B0711A800A40692 /* AModel.h */ = {isa = PBXFileReference; fileEncoding = 4; lastKnownFileType = sourcecode.c.h; path = AModel.h; sourceTree = "<group>"; };
		C36AEB251B0711A800A40692 /* AModel.m */ = {isa = PBXFileReference; fileEncoding = 4; lastKnownFileType = sourcecode.c.objc; path = AModel.m; sourceTree = "<group>"; };
		C36AEB271B071C6E00A40692 /* AModelTest.m */ = {isa = PBXFileReference; fileEncoding = 4; lastKnownFileType = sourcecode.c.objc; path = AModelTest.m; sourceTree = "<group>"; };
		C36DF4E91B084C3900C225DA /* DataEngine.h */ = {isa = PBXFileReference; fileEncoding = 4; lastKnownFileType = sourcecode.c.h; path = DataEngine.h; sourceTree = "<group>"; };
		C36DF4EA1B084C3900C225DA /* DataEngine.m */ = {isa = PBXFileReference; fileEncoding = 4; lastKnownFileType = sourcecode.c.objc; path = DataEngine.m; sourceTree = "<group>"; };
		C36DF4ED1B0853B300C225DA /* LoginVC.h */ = {isa = PBXFileReference; fileEncoding = 4; lastKnownFileType = sourcecode.c.h; path = LoginVC.h; sourceTree = "<group>"; };
		C36DF4EE1B0853B300C225DA /* LoginVC.m */ = {isa = PBXFileReference; fileEncoding = 4; lastKnownFileType = sourcecode.c.objc; path = LoginVC.m; sourceTree = "<group>"; };
		C36DF4F01B088B3D00C225DA /* UserPackage.h */ = {isa = PBXFileReference; fileEncoding = 4; lastKnownFileType = sourcecode.c.h; path = UserPackage.h; sourceTree = "<group>"; };
		C36DF4F11B088B3D00C225DA /* UserPackage.m */ = {isa = PBXFileReference; fileEncoding = 4; lastKnownFileType = sourcecode.c.objc; path = UserPackage.m; sourceTree = "<group>"; };
		C37437251B0721A00002E46F /* User.h */ = {isa = PBXFileReference; fileEncoding = 4; lastKnownFileType = sourcecode.c.h; path = User.h; sourceTree = "<group>"; };
		C37437261B0721A00002E46F /* User.m */ = {isa = PBXFileReference; fileEncoding = 4; lastKnownFileType = sourcecode.c.objc; path = User.m; sourceTree = "<group>"; };
		C37437281B0722ED0002E46F /* UserTest.m */ = {isa = PBXFileReference; fileEncoding = 4; lastKnownFileType = sourcecode.c.objc; path = UserTest.m; sourceTree = "<group>"; };
		D19210394AACFD6C04951512 /* Pods-academy.debug.xcconfig */ = {isa = PBXFileReference; includeInIndex = 1; lastKnownFileType = text.xcconfig; name = "Pods-academy.debug.xcconfig"; path = "Pods/Target Support Files/Pods-academy/Pods-academy.debug.xcconfig"; sourceTree = "<group>"; };
		E83EB9BA4E2972E7D72DA310 /* Pods-academy.release.xcconfig */ = {isa = PBXFileReference; includeInIndex = 1; lastKnownFileType = text.xcconfig; name = "Pods-academy.release.xcconfig"; path = "Pods/Target Support Files/Pods-academy/Pods-academy.release.xcconfig"; sourceTree = "<group>"; };
/* End PBXFileReference section */

/* Begin PBXFrameworksBuildPhase section */
		AFD636241B038E1000ABDB3C /* Frameworks */ = {
			isa = PBXFrameworksBuildPhase;
			buildActionMask = 2147483647;
			files = (
				AF7869AE1B10D0C1009BE37B /* AudioToolbox.framework in Frameworks */,
				AF7869A91B10CBD3009BE37B /* AVFoundation.framework in Frameworks */,
				558C8FE8CCAE9770C97B0B23 /* libPods-academy.a in Frameworks */,
			);
			runOnlyForDeploymentPostprocessing = 0;
		};
		AFD636401B038E1000ABDB3C /* Frameworks */ = {
			isa = PBXFrameworksBuildPhase;
			buildActionMask = 2147483647;
			files = (
			);
			runOnlyForDeploymentPostprocessing = 0;
		};
/* End PBXFrameworksBuildPhase section */

/* Begin PBXGroup section */
		AF7869AA1B10CBEB009BE37B /* Sounds */ = {
			isa = PBXGroup;
			children = (
				AF7869AB1B10CFCC009BE37B /* Correct.mp3 */,
			);
			name = Sounds;
			sourceTree = "<group>";
		};
		AFC27B7C1B0EEC4A00225016 /* Icons */ = {
			isa = PBXGroup;
			children = (
				AFC27B7D1B0EEC5700225016 /* arrows.png */,
				AFC27B7E1B0EEC5700225016 /* bag.png */,
				AFC27B7F1B0EEC5700225016 /* basket.png */,
				AFC27B801B0EEC5700225016 /* book.png */,
				AFC27B811B0EEC5700225016 /* box.png */,
				AFC27B821B0EEC5700225016 /* browser.png */,
				AFC27B831B0EEC5700225016 /* building.png */,
				AFC27B841B0EEC5700225016 /* calculator.png */,
				AFC27B851B0EEC5700225016 /* calendar.png */,
				AFC27B861B0EEC5700225016 /* call.png */,
				AFC27B871B0EEC5700225016 /* camera.png */,
				AFC27B881B0EEC5700225016 /* clock.png */,
				AFC27B891B0EEC5700225016 /* cloudupload.png */,
				AFC27B8A1B0EEC5700225016 /* comment.png */,
				AFC27B8B1B0EEC5700225016 /* compass.png */,
				AFC27B8C1B0EEC5700225016 /* config.png */,
				AFC27B8D1B0EEC5700225016 /* console.png */,
				AFC27B8E1B0EEC5700225016 /* count.png */,
				AFC27B8F1B0EEC5700225016 /* creditcard.png */,
				AFC27B901B0EEC5700225016 /* disk.png */,
				AFC27B911B0EEC5700225016 /* diskette.png */,
				AFC27B921B0EEC5700225016 /* download.png */,
				AFC27B931B0EEC5700225016 /* drop.png */,
				AFC27B941B0EEC5700225016 /* easel.png */,
				AFC27B951B0EEC5700225016 /* film.png */,
				AFC27B961B0EEC5700225016 /* flag.png */,
				AFC27B971B0EEC5700225016 /* football.png */,
				AFC27B981B0EEC5700225016 /* graph.png */,
				AFC27B991B0EEC5700225016 /* home.png */,
				AFC27B9A1B0EEC5700225016 /* hotcup.png */,
				AFC27B9B1B0EEC5700225016 /* letter.png */,
				AFC27B9C1B0EEC5700225016 /* lifesaver.png */,
				AFC27B9D1B0EEC5700225016 /* lock.png */,
				AFC27B9E1B0EEC5700225016 /* love.png */,
				AFC27B9F1B0EEC5700225016 /* mail.png */,
				AFC27BA01B0EEC5700225016 /* money.png */,
				AFC27BA11B0EEC5700225016 /* monitor.png */,
				AFC27BA21B0EEC5700225016 /* music.png */,
				AFC27BA31B0EEC5700225016 /* news.png */,
				AFC27BA41B0EEC5700225016 /* notes.png */,
				AFC27BA51B0EEC5700225016 /* officephone.png */,
				AFC27BA61B0EEC5700225016 /* openmail.png */,
				AFC27BA71B0EEC5700225016 /* phone.png */,
				AFC27BA81B0EEC5700225016 /* photo.png */,
				AFC27BA91B0EEC5700225016 /* portfolio.png */,
				AFC27BAA1B0EEC5700225016 /* printer.png */,
				AFC27BAB1B0EEC5700225016 /* radio.png */,
				AFC27BAC1B0EEC5700225016 /* rain.png */,
				AFC27BAD1B0EEC5700225016 /* ribbon.png */,
				AFC27BAE1B0EEC5700225016 /* safe.png */,
				AFC27BAF1B0EEC5700225016 /* search.png */,
				AFC27BB01B0EEC5700225016 /* setting.png */,
				AFC27BB11B0EEC5700225016 /* shop.png */,
				AFC27BB21B0EEC5700225016 /* speech.png */,
				AFC27BB31B0EEC5700225016 /* statistic.png */,
				AFC27BB41B0EEC5700225016 /* switch.png */,
				AFC27BB51B0EEC5700225016 /* tablet.png */,
				AFC27BB61B0EEC5700225016 /* ticket.png */,
				AFC27BB71B0EEC5700225016 /* truck.png */,
				AFC27BB81B0EEC5700225016 /* tv.png */,
				AFC27BB91B0EEC5700225016 /* upload.png */,
				AFC27BBA1B0EEC5700225016 /* user.png */,
				AFC27BBB1B0EEC5700225016 /* user2.png */,
				AFC27BBC1B0EEC5700225016 /* view.png */,
				AFC27BBD1B0EEC5700225016 /* voicemail.png */,
				AFC27BBE1B0EEC5700225016 /* wallet.png */,
				AFC27BBF1B0EEC5700225016 /* weather.png */,
				AFC27BC01B0EEC5700225016 /* worldglobe.png */,
			);
			name = Icons;
			sourceTree = "<group>";
		};
		AFCB0D1D1B11D51F00F5688F /* AlertBG */ = {
			isa = PBXGroup;
			children = (
				AFCB0D1E1B11D56000F5688F /* AlertBG_Giraffe.png */,
			);
			name = AlertBG;
			sourceTree = "<group>";
		};
		AFCFE5E61B04D754006D9744 /* Fonts */ = {
			isa = PBXGroup;
			children = (
				AFEDE7D71B0DAD00007994CE /* VNF-Gotham-Rounded-Bold.ttf */,
				AFEDE7D81B0DAD00007994CE /* VNF-Gotham-Rounded-Book.ttf */,
			);
			name = Fonts;
			sourceTree = "<group>";
		};
		AFD6361E1B038E1000ABDB3C = {
			isa = PBXGroup;
			children = (
				AFD636291B038E1000ABDB3C /* academy */,
				AFD636461B038E1000ABDB3C /* academyTests */,
				AFD636281B038E1000ABDB3C /* Products */,
				D39ADDDCCF91B06F2D2784D1 /* Pods */,
				D1F161B5ED3662F51D828E49 /* Frameworks */,
			);
			sourceTree = "<group>";
		};
		AFD636281B038E1000ABDB3C /* Products */ = {
			isa = PBXGroup;
			children = (
				AFD636271B038E1000ABDB3C /* academy.app */,
				AFD636431B038E1000ABDB3C /* academyTests.xctest */,
			);
			name = Products;
			sourceTree = "<group>";
		};
		AFD636291B038E1000ABDB3C /* academy */ = {
			isa = PBXGroup;
			children = (
				AFF2A6671B0BC90400DBFC2A /* SideMenu */,
				C36DF4EC1B084C4300C225DA /* Singleton */,
				C36AEB231B0710AF00A40692 /* Models */,
				C36AEB221B07109D00A40692 /* Controllers */,
				AFE0107F1B05313C005B4B4D /* Misc Object */,
				AFCFE5E61B04D754006D9744 /* Fonts */,
				AFE6DF021B04B016003E30CA /* WordCardViewCollection */,
				AFE6DEFF1B04A830003E30CA /* Graphics */,
				AF7869AA1B10CBEB009BE37B /* Sounds */,
				AFE6DEF51B049D04003E30CA /* CardView */,
				AFD6362E1B038E1000ABDB3C /* AppDelegate.h */,
				AFD6362F1B038E1000ABDB3C /* AppDelegate.m */,
				AFD636371B038E1000ABDB3C /* Main.storyboard */,
				AFD6363A1B038E1000ABDB3C /* Images.xcassets */,
				AFD6363C1B038E1000ABDB3C /* LaunchScreen.xib */,
				AFD636311B038E1000ABDB3C /* academy.xcdatamodeld */,
				AFD6362A1B038E1000ABDB3C /* Supporting Files */,
			);
			path = academy;
			sourceTree = "<group>";
		};
		AFD6362A1B038E1000ABDB3C /* Supporting Files */ = {
			isa = PBXGroup;
			children = (
				AFD6362B1B038E1000ABDB3C /* Info.plist */,
				AFD6362C1B038E1000ABDB3C /* main.m */,
			);
			name = "Supporting Files";
			sourceTree = "<group>";
		};
		AFD636461B038E1000ABDB3C /* academyTests */ = {
			isa = PBXGroup;
			children = (
				AFD636491B038E1000ABDB3C /* academyTests.m */,
				AFD636471B038E1000ABDB3C /* Supporting Files */,
				C36AEB271B071C6E00A40692 /* AModelTest.m */,
				C37437281B0722ED0002E46F /* UserTest.m */,
			);
			path = academyTests;
			sourceTree = "<group>";
		};
		AFD636471B038E1000ABDB3C /* Supporting Files */ = {
			isa = PBXGroup;
			children = (
				AFD636481B038E1000ABDB3C /* Info.plist */,
			);
			name = "Supporting Files";
			sourceTree = "<group>";
		};
		AFE0107F1B05313C005B4B4D /* Misc Object */ = {
			isa = PBXGroup;
			children = (
				AFE010801B053186005B4B4D /* PackageCell.h */,
				AFE010811B053186005B4B4D /* PackageCell.m */,
				AFCB0D201B11D59700F5688F /* AlertCartoonView.h */,
				AFCB0D211B11D59700F5688F /* AlertCartoonView.m */,
				AFCB0D231B11D5B000F5688F /* CartoonView.xib */,
			);
			name = "Misc Object";
			sourceTree = "<group>";
		};
		AFE6DEF51B049D04003E30CA /* CardView */ = {
			isa = PBXGroup;
			children = (
				AFE6DEF91B049D97003E30CA /* CardInfo.xib */,
				AFE6DEFB1B049DC3003E30CA /* CardInfoView.h */,
				AFE6DEFC1B049DC3003E30CA /* CardInfoView.m */,
				AF0241CE1B0F0BA00019B3E2 /* CardTestMultipleChoice.xib */,
				AFCB0D2E1B11ED3F00F5688F /* CardMultipleChoiceView.h */,
				AFCB0D2F1B11ED3F00F5688F /* CardMultipleChoiceView.m */,
				AFCB0D311B11F89A00F5688F /* CardTypeAnswer.xib */,
				AFCB0D331B11F8F800F5688F /* CardTypeAnswerView.h */,
				AFCB0D341B11F8F800F5688F /* CardTypeAnswerView.m */,
			);
			name = CardView;
			path = SlideMenu3D;
			sourceTree = "<group>";
		};
		AFE6DEFF1B04A830003E30CA /* Graphics */ = {
			isa = PBXGroup;
			children = (
				AFCB0D1D1B11D51F00F5688F /* AlertBG */,
				AFC27B7C1B0EEC4A00225016 /* Icons */,
				AF0ED9C51B1473D300340BA5 /* speaker-btn */,
				AF7869AF1B10D48A009BE37B /* tick.png */,
				AF7869A31B10BDB9009BE37B /* MenuBtn.png */,
				AFE729881B0E0820005F0850 /* MenuCellBG.png */,
				AFE729861B0E03E7005F0850 /* MenuHeaderBG.png */,
				AFF2A6681B0BED8700DBFC2A /* ViewBG.jpg */,
				AFE010831B053547005B4B4D /* PackCellInfoBG.png */,
				AFE0107D1B051CE5005B4B4D /* PackageCellBG.png */,
				AFCFE5FD1B04E668006D9744 /* cross.png */,
				AFFB76B61B0A5A47001489F1 /* long-blue-btn.png */,
				AFCFE5F91B04E315006D9744 /* medium-blue-btn.png */,
				AF0ED9C11B142C5400340BA5 /* medium-green-btn.png */,
				AFCFE5FA1B04E315006D9744 /* medium-red-btn.png */,
				AFE6DF001B04A83E003E30CA /* Card.png */,
				AF7869B71B10F71B009BE37B /* demo.png */,
			);
			name = Graphics;
			sourceTree = "<group>";
		};
		AFE6DF021B04B016003E30CA /* WordCardViewCollection */ = {
			isa = PBXGroup;
			children = (
				AFE6DEF21B048FF1003E30CA /* WordInfoVC.h */,
				AFE6DEF31B048FF1003E30CA /* WordInfoVC.m */,
				AF0241D01B0F16560019B3E2 /* WordTestVC.h */,
				AF0241D11B0F16560019B3E2 /* WordTestVC.m */,
				AF0241D31B0F18930019B3E2 /* WordDisplayView.h */,
				AF0241D41B0F18930019B3E2 /* WordDisplayView.m */,
			);
			name = WordCardViewCollection;
			sourceTree = "<group>";
		};
		AFF2A6671B0BC90400DBFC2A /* SideMenu */ = {
			isa = PBXGroup;
			children = (
				AFED6ADB1B06756100B8AF10 /* SideMenuVC.h */,
				AFED6ADC1B06756100B8AF10 /* SideMenuVC.m */,
				AFE7297C1B0DEAB7005F0850 /* SideMenuCell.h */,
				AFE7297D1B0DEAB7005F0850 /* SideMenuCell.m */,
				AFE7297F1B0DEFEA005F0850 /* SideMenuCellView.xib */,
				AFE729811B0DFF69005F0850 /* SideMenuHeaderView.xib */,
				AFE729831B0DFFBA005F0850 /* SideMenuHeader.h */,
				AFE729841B0DFFBA005F0850 /* SideMenuHeader.m */,
			);
			name = SideMenu;
			sourceTree = "<group>";
		};
		C36AEB221B07109D00A40692 /* Controllers */ = {
			isa = PBXGroup;
			children = (
				AFE6DEEC1B03D365003E30CA /* UserShelfNavVC.h */,
				AFE6DEED1B03D365003E30CA /* UserShelfNavVC.m */,
				AFE6DEE31B03C9E9003E30CA /* UserShelfVC.h */,
				AFE6DEE41B03C9E9003E30CA /* UserShelfVC.m */,
				AFE010851B05A941005B4B4D /* ShopNavVC.h */,
				AFE010861B05A941005B4B4D /* ShopNavVC.m */,
				AFE6DEE61B03CAF2003E30CA /* ShopVC.h */,
				AFE6DEE71B03CAF2003E30CA /* ShopVC.m */,
				AFE6DEE91B03CEDC003E30CA /* SetSelectVC.h */,
				AFE6DEEA1B03CEDC003E30CA /* SetSelectVC.m */,
				AFE6DEEF1B03D7AC003E30CA /* SetDetailVC.h */,
				AFE6DEF01B03D7AC003E30CA /* SetDetailVC.m */,
				C36DF4ED1B0853B300C225DA /* LoginVC.h */,
				C36DF4EE1B0853B300C225DA /* LoginVC.m */,
				AFFB76B11B0A4D0B001489F1 /* PackageInfoVC.h */,
				AFFB76B21B0A4D0B001489F1 /* PackageInfoVC.m */,
			);
			name = Controllers;
			sourceTree = "<group>";
		};
		C36AEB231B0710AF00A40692 /* Models */ = {
			isa = PBXGroup;
			children = (
				C36AEB241B0711A800A40692 /* AModel.h */,
				C36AEB251B0711A800A40692 /* AModel.m */,
				C37437251B0721A00002E46F /* User.h */,
				C37437261B0721A00002E46F /* User.m */,
				AFEE4BAB1B07BE7C00A0FD73 /* Package.h */,
				AFEE4BAC1B07BE7C00A0FD73 /* Package.m */,
				AFEE4BAE1B07BEAF00A0FD73 /* LSet.h */,
				AFEE4BAF1B07BEAF00A0FD73 /* LSet.m */,
				AFEE4BB11B07BEC100A0FD73 /* Word.h */,
				AFEE4BB21B07BEC100A0FD73 /* Word.m */,
				C36DF4F01B088B3D00C225DA /* UserPackage.h */,
				C36DF4F11B088B3D00C225DA /* UserPackage.m */,
				C34203D81B0A18650058FFE2 /* Meaning.h */,
				C34203D91B0A18650058FFE2 /* Meaning.m */,
				AFCB0D251B11E71000F5688F /* TestMaker.h */,
				AFCB0D261B11E71000F5688F /* TestMaker.m */,
			);
			name = Models;
			sourceTree = "<group>";
		};
		C36DF4EC1B084C4300C225DA /* Singleton */ = {
			isa = PBXGroup;
			children = (
				C36DF4E91B084C3900C225DA /* DataEngine.h */,
				C36DF4EA1B084C3900C225DA /* DataEngine.m */,
				AFC27C051B0EF01A00225016 /* MyUIEngine.h */,
				AFC27C061B0EF01A00225016 /* MyUIEngine.m */,
				AF7869A51B10CB9B009BE37B /* SoundEngine.h */,
				AF7869A61B10CB9B009BE37B /* SoundEngine.m */,
			);
			name = Singleton;
			sourceTree = "<group>";
		};
		D1F161B5ED3662F51D828E49 /* Frameworks */ = {
			isa = PBXGroup;
			children = (
				AF7869AD1B10D0C1009BE37B /* AudioToolbox.framework */,
				AF7869A81B10CBD3009BE37B /* AVFoundation.framework */,
				19415BF26ACA690DC120472F /* libPods-academy.a */,
			);
			name = Frameworks;
			sourceTree = "<group>";
		};
		D39ADDDCCF91B06F2D2784D1 /* Pods */ = {
			isa = PBXGroup;
			children = (
				D19210394AACFD6C04951512 /* Pods-academy.debug.xcconfig */,
				E83EB9BA4E2972E7D72DA310 /* Pods-academy.release.xcconfig */,
			);
			name = Pods;
			sourceTree = "<group>";
		};
/* End PBXGroup section */

/* Begin PBXNativeTarget section */
		AFD636261B038E1000ABDB3C /* academy */ = {
			isa = PBXNativeTarget;
			buildConfigurationList = AFD6364D1B038E1000ABDB3C /* Build configuration list for PBXNativeTarget "academy" */;
			buildPhases = (
				E35876E87478BDDC53023A20 /* Check Pods Manifest.lock */,
				AFD636231B038E1000ABDB3C /* Sources */,
				AFD636241B038E1000ABDB3C /* Frameworks */,
				AFD636251B038E1000ABDB3C /* Resources */,
				2A0EC2D1E21788BEA298C225 /* Copy Pods Resources */,
			);
			buildRules = (
			);
			dependencies = (
			);
			name = academy;
			productName = academy;
			productReference = AFD636271B038E1000ABDB3C /* academy.app */;
			productType = "com.apple.product-type.application";
		};
		AFD636421B038E1000ABDB3C /* academyTests */ = {
			isa = PBXNativeTarget;
			buildConfigurationList = AFD636501B038E1000ABDB3C /* Build configuration list for PBXNativeTarget "academyTests" */;
			buildPhases = (
				AFD6363F1B038E1000ABDB3C /* Sources */,
				AFD636401B038E1000ABDB3C /* Frameworks */,
				AFD636411B038E1000ABDB3C /* Resources */,
			);
			buildRules = (
			);
			dependencies = (
				AFD636451B038E1000ABDB3C /* PBXTargetDependency */,
			);
			name = academyTests;
			productName = academyTests;
			productReference = AFD636431B038E1000ABDB3C /* academyTests.xctest */;
			productType = "com.apple.product-type.bundle.unit-test";
		};
/* End PBXNativeTarget section */

/* Begin PBXProject section */
		AFD6361F1B038E1000ABDB3C /* Project object */ = {
			isa = PBXProject;
			attributes = {
				LastUpgradeCheck = 0600;
				ORGANIZATIONNAME = Openlabproduction;
				TargetAttributes = {
					AFD636261B038E1000ABDB3C = {
						CreatedOnToolsVersion = 6.0;
						DevelopmentTeam = 5TP4Q7LFBK;
					};
					AFD636421B038E1000ABDB3C = {
						CreatedOnToolsVersion = 6.0;
						TestTargetID = AFD636261B038E1000ABDB3C;
					};
				};
			};
			buildConfigurationList = AFD636221B038E1000ABDB3C /* Build configuration list for PBXProject "academy" */;
			compatibilityVersion = "Xcode 3.2";
			developmentRegion = English;
			hasScannedForEncodings = 0;
			knownRegions = (
				en,
				Base,
			);
			mainGroup = AFD6361E1B038E1000ABDB3C;
			productRefGroup = AFD636281B038E1000ABDB3C /* Products */;
			projectDirPath = "";
			projectRoot = "";
			targets = (
				AFD636261B038E1000ABDB3C /* academy */,
				AFD636421B038E1000ABDB3C /* academyTests */,
			);
		};
/* End PBXProject section */

/* Begin PBXResourcesBuildPhase section */
		AFD636251B038E1000ABDB3C /* Resources */ = {
			isa = PBXResourcesBuildPhase;
			buildActionMask = 2147483647;
			files = (
				AFE729891B0E0820005F0850 /* MenuCellBG.png in Resources */,
				AFC27BF91B0EEC5700225016 /* tablet.png in Resources */,
				AFC27BFE1B0EEC5700225016 /* user.png in Resources */,
				AFD636391B038E1000ABDB3C /* Main.storyboard in Resources */,
				AFC27BE31B0EEC5700225016 /* mail.png in Resources */,
				AFE729871B0E03E7005F0850 /* MenuHeaderBG.png in Resources */,
				AFC27BD21B0EEC5700225016 /* count.png in Resources */,
				AF0ED9C61B1473D300340BA5 /* speaker-btn in Resources */,
				AFC27BC51B0EEC5700225016 /* box.png in Resources */,
				AFC27C021B0EEC5700225016 /* wallet.png in Resources */,
				AFC27BFC1B0EEC5700225016 /* tv.png in Resources */,
				AFC27BCB1B0EEC5700225016 /* camera.png in Resources */,
				AFE0107E1B051CE5005B4B4D /* PackageCellBG.png in Resources */,
				AFC27BF21B0EEC5700225016 /* safe.png in Resources */,
				AFEDE7D91B0DAD00007994CE /* VNF-Gotham-Rounded-Bold.ttf in Resources */,
				AFC27BDB1B0EEC5700225016 /* football.png in Resources */,
				AFC27BF41B0EEC5700225016 /* setting.png in Resources */,
				AFF2A6691B0BED8700DBFC2A /* ViewBG.jpg in Resources */,
				AFE6DEFA1B049D97003E30CA /* CardInfo.xib in Resources */,
				AFC27C011B0EEC5700225016 /* voicemail.png in Resources */,
				AFC27BD31B0EEC5700225016 /* creditcard.png in Resources */,
				AFC27C041B0EEC5700225016 /* worldglobe.png in Resources */,
				AF0ED9C21B142C5400340BA5 /* medium-green-btn.png in Resources */,
				AFC27BDA1B0EEC5700225016 /* flag.png in Resources */,
				AFC27BFD1B0EEC5700225016 /* upload.png in Resources */,
				AFC27BEC1B0EEC5700225016 /* photo.png in Resources */,
				AFC27BD11B0EEC5700225016 /* console.png in Resources */,
				AFC27BD51B0EEC5700225016 /* diskette.png in Resources */,
				AFC27BE71B0EEC5700225016 /* news.png in Resources */,
				AFC27BDF1B0EEC5700225016 /* letter.png in Resources */,
				AFE729821B0DFF69005F0850 /* SideMenuHeaderView.xib in Resources */,
				AFC27BEE1B0EEC5700225016 /* printer.png in Resources */,
				AFC27BEA1B0EEC5700225016 /* openmail.png in Resources */,
				AFE010841B053547005B4B4D /* PackCellInfoBG.png in Resources */,
				AFC27BC31B0EEC5700225016 /* basket.png in Resources */,
				AFC27BF01B0EEC5700225016 /* rain.png in Resources */,
				AFC27BC81B0EEC5700225016 /* calculator.png in Resources */,
				AFC27BE41B0EEC5700225016 /* money.png in Resources */,
				AFC27BF51B0EEC5700225016 /* shop.png in Resources */,
				AFCB0D1F1B11D56000F5688F /* AlertBG_Giraffe.png in Resources */,
				AFC27BE51B0EEC5700225016 /* monitor.png in Resources */,
				AFD6363E1B038E1000ABDB3C /* LaunchScreen.xib in Resources */,
				AFCB0D321B11F89A00F5688F /* CardTypeAnswer.xib in Resources */,
				AFC27BF71B0EEC5700225016 /* statistic.png in Resources */,
				AFC27BDD1B0EEC5700225016 /* home.png in Resources */,
				AFC27BFB1B0EEC5700225016 /* truck.png in Resources */,
				AFEDE7DA1B0DAD00007994CE /* VNF-Gotham-Rounded-Book.ttf in Resources */,
				AFC27BDC1B0EEC5700225016 /* graph.png in Resources */,
				AFC27BED1B0EEC5700225016 /* portfolio.png in Resources */,
				AFC27BF11B0EEC5700225016 /* ribbon.png in Resources */,
				AFC27BD61B0EEC5700225016 /* download.png in Resources */,
				AF0241CF1B0F0BA00019B3E2 /* CardTestMultipleChoice.xib in Resources */,
				AFC27BC71B0EEC5700225016 /* building.png in Resources */,
				AFC27C001B0EEC5700225016 /* view.png in Resources */,
				AFCB0D241B11D5B000F5688F /* CartoonView.xib in Resources */,
				AFC27BCA1B0EEC5700225016 /* call.png in Resources */,
				AFC27BC11B0EEC5700225016 /* arrows.png in Resources */,
				AFC27BE01B0EEC5700225016 /* lifesaver.png in Resources */,
				AFCFE5FE1B04E668006D9744 /* cross.png in Resources */,
				AFE6DF011B04A83E003E30CA /* Card.png in Resources */,
				AFCFE5FB1B04E315006D9744 /* medium-blue-btn.png in Resources */,
				AFC27BFF1B0EEC5700225016 /* user2.png in Resources */,
				AFC27BC61B0EEC5700225016 /* browser.png in Resources */,
				AFC27BC21B0EEC5700225016 /* bag.png in Resources */,
				AFC27BF31B0EEC5700225016 /* search.png in Resources */,
				AFC27BE81B0EEC5700225016 /* notes.png in Resources */,
				AFC27BEF1B0EEC5700225016 /* radio.png in Resources */,
				AFC27BC91B0EEC5700225016 /* calendar.png in Resources */,
				AFC27BE91B0EEC5700225016 /* officephone.png in Resources */,
				AFC27BD01B0EEC5700225016 /* config.png in Resources */,
				AFC27BD81B0EEC5700225016 /* easel.png in Resources */,
				AFD6363B1B038E1000ABDB3C /* Images.xcassets in Resources */,
				AFC27BE61B0EEC5700225016 /* music.png in Resources */,
				AF7869A41B10BDB9009BE37B /* MenuBtn.png in Resources */,
				AFC27BE21B0EEC5700225016 /* love.png in Resources */,
				AFC27BCC1B0EEC5700225016 /* clock.png in Resources */,
				AFC27C031B0EEC5700225016 /* weather.png in Resources */,
				AFC27BCF1B0EEC5700225016 /* compass.png in Resources */,
				AFC27BF81B0EEC5700225016 /* switch.png in Resources */,
				AFC27BE11B0EEC5700225016 /* lock.png in Resources */,
				AFE729801B0DEFEA005F0850 /* SideMenuCellView.xib in Resources */,
				AF7869B81B10F71B009BE37B /* demo.png in Resources */,
				AFC27BD91B0EEC5700225016 /* film.png in Resources */,
				AFC27BFA1B0EEC5700225016 /* ticket.png in Resources */,
				AFC27BEB1B0EEC5700225016 /* phone.png in Resources */,
				AFC27BF61B0EEC5700225016 /* speech.png in Resources */,
				AFC27BDE1B0EEC5700225016 /* hotcup.png in Resources */,
				AF7869B01B10D48A009BE37B /* tick.png in Resources */,
				AFFB76B71B0A5A47001489F1 /* long-blue-btn.png in Resources */,
				AFCFE5FC1B04E315006D9744 /* medium-red-btn.png in Resources */,
				AFC27BCD1B0EEC5700225016 /* cloudupload.png in Resources */,
				AF7869AC1B10CFCC009BE37B /* Correct.mp3 in Resources */,
				AFC27BD71B0EEC5700225016 /* drop.png in Resources */,
				AFC27BCE1B0EEC5700225016 /* comment.png in Resources */,
				AFC27BC41B0EEC5700225016 /* book.png in Resources */,
				AFC27BD41B0EEC5700225016 /* disk.png in Resources */,
			);
			runOnlyForDeploymentPostprocessing = 0;
		};
		AFD636411B038E1000ABDB3C /* Resources */ = {
			isa = PBXResourcesBuildPhase;
			buildActionMask = 2147483647;
			files = (
			);
			runOnlyForDeploymentPostprocessing = 0;
		};
/* End PBXResourcesBuildPhase section */

/* Begin PBXShellScriptBuildPhase section */
		2A0EC2D1E21788BEA298C225 /* Copy Pods Resources */ = {
			isa = PBXShellScriptBuildPhase;
			buildActionMask = 2147483647;
			files = (
			);
			inputPaths = (
			);
			name = "Copy Pods Resources";
			outputPaths = (
			);
			runOnlyForDeploymentPostprocessing = 0;
			shellPath = /bin/sh;
			shellScript = "\"${SRCROOT}/Pods/Target Support Files/Pods-academy/Pods-academy-resources.sh\"\n";
			showEnvVarsInLog = 0;
		};
		E35876E87478BDDC53023A20 /* Check Pods Manifest.lock */ = {
			isa = PBXShellScriptBuildPhase;
			buildActionMask = 2147483647;
			files = (
			);
			inputPaths = (
			);
			name = "Check Pods Manifest.lock";
			outputPaths = (
			);
			runOnlyForDeploymentPostprocessing = 0;
			shellPath = /bin/sh;
			shellScript = "diff \"${PODS_ROOT}/../Podfile.lock\" \"${PODS_ROOT}/Manifest.lock\" > /dev/null\nif [[ $? != 0 ]] ; then\n    cat << EOM\nerror: The sandbox is not in sync with the Podfile.lock. Run 'pod install' or update your CocoaPods installation.\nEOM\n    exit 1\nfi\n";
			showEnvVarsInLog = 0;
		};
/* End PBXShellScriptBuildPhase section */

/* Begin PBXSourcesBuildPhase section */
		AFD636231B038E1000ABDB3C /* Sources */ = {
			isa = PBXSourcesBuildPhase;
			buildActionMask = 2147483647;
			files = (
				AFE010871B05A941005B4B4D /* ShopNavVC.m in Sources */,
				AFE6DEF11B03D7AC003E30CA /* SetDetailVC.m in Sources */,
				AFE6DEEE1B03D365003E30CA /* UserShelfNavVC.m in Sources */,
				AFCB0D271B11E71000F5688F /* TestMaker.m in Sources */,
				AFCB0D351B11F8F800F5688F /* CardTypeAnswerView.m in Sources */,
				AFE010821B053186005B4B4D /* PackageCell.m in Sources */,
				AFCB0D301B11ED3F00F5688F /* CardMultipleChoiceView.m in Sources */,
				C37437271B0721A00002E46F /* User.m in Sources */,
				AFEE4BB31B07BEC100A0FD73 /* Word.m in Sources */,
				AF7869A71B10CB9B009BE37B /* SoundEngine.m in Sources */,
				C36DF4EF1B0853B300C225DA /* LoginVC.m in Sources */,
				C36AEB261B0711A800A40692 /* AModel.m in Sources */,
				AFE729851B0DFFBA005F0850 /* SideMenuHeader.m in Sources */,
				AFD636301B038E1000ABDB3C /* AppDelegate.m in Sources */,
				C36DF4F21B088B3D00C225DA /* UserPackage.m in Sources */,
				AFC27C071B0EF01A00225016 /* MyUIEngine.m in Sources */,
				AFE6DEF41B048FF1003E30CA /* WordInfoVC.m in Sources */,
				AF0241D21B0F16560019B3E2 /* WordTestVC.m in Sources */,
				AFE6DEE81B03CAF2003E30CA /* ShopVC.m in Sources */,
				AFD6362D1B038E1000ABDB3C /* main.m in Sources */,
				AFE6DEFD1B049DC3003E30CA /* CardInfoView.m in Sources */,
				AFEE4BAD1B07BE7C00A0FD73 /* Package.m in Sources */,
				AFE7297E1B0DEAB7005F0850 /* SideMenuCell.m in Sources */,
				AFCB0D221B11D59700F5688F /* AlertCartoonView.m in Sources */,
				C36DF4EB1B084C3900C225DA /* DataEngine.m in Sources */,
				AFE6DEE51B03C9E9003E30CA /* UserShelfVC.m in Sources */,
				AFED6ADD1B06756100B8AF10 /* SideMenuVC.m in Sources */,
				C34203DA1B0A18650058FFE2 /* Meaning.m in Sources */,
				AFEE4BB01B07BEAF00A0FD73 /* LSet.m in Sources */,
				AF0241D51B0F18930019B3E2 /* WordDisplayView.m in Sources */,
				AFE6DEEB1B03CEDC003E30CA /* SetSelectVC.m in Sources */,
				AFFB76B31B0A4D0B001489F1 /* PackageInfoVC.m in Sources */,
				AFD636331B038E1000ABDB3C /* academy.xcdatamodeld in Sources */,
			);
			runOnlyForDeploymentPostprocessing = 0;
		};
		AFD6363F1B038E1000ABDB3C /* Sources */ = {
			isa = PBXSourcesBuildPhase;
			buildActionMask = 2147483647;
			files = (
				AFD6364A1B038E1000ABDB3C /* academyTests.m in Sources */,
				C36AEB281B071C6E00A40692 /* AModelTest.m in Sources */,
				C37437291B0722ED0002E46F /* UserTest.m in Sources */,
			);
			runOnlyForDeploymentPostprocessing = 0;
		};
/* End PBXSourcesBuildPhase section */

/* Begin PBXTargetDependency section */
		AFD636451B038E1000ABDB3C /* PBXTargetDependency */ = {
			isa = PBXTargetDependency;
			target = AFD636261B038E1000ABDB3C /* academy */;
			targetProxy = AFD636441B038E1000ABDB3C /* PBXContainerItemProxy */;
		};
/* End PBXTargetDependency section */

/* Begin PBXVariantGroup section */
		AFD636371B038E1000ABDB3C /* Main.storyboard */ = {
			isa = PBXVariantGroup;
			children = (
				AFD636381B038E1000ABDB3C /* Base */,
			);
			name = Main.storyboard;
			sourceTree = "<group>";
		};
		AFD6363C1B038E1000ABDB3C /* LaunchScreen.xib */ = {
			isa = PBXVariantGroup;
			children = (
				AFD6363D1B038E1000ABDB3C /* Base */,
			);
			name = LaunchScreen.xib;
			sourceTree = "<group>";
		};
/* End PBXVariantGroup section */

/* Begin XCBuildConfiguration section */
		AFD6364B1B038E1000ABDB3C /* Debug */ = {
			isa = XCBuildConfiguration;
			buildSettings = {
				ALWAYS_SEARCH_USER_PATHS = NO;
				CLANG_CXX_LANGUAGE_STANDARD = "gnu++0x";
				CLANG_CXX_LIBRARY = "libc++";
				CLANG_ENABLE_MODULES = YES;
				CLANG_ENABLE_OBJC_ARC = YES;
				CLANG_WARN_BOOL_CONVERSION = YES;
				CLANG_WARN_CONSTANT_CONVERSION = YES;
				CLANG_WARN_DIRECT_OBJC_ISA_USAGE = YES_ERROR;
				CLANG_WARN_EMPTY_BODY = YES;
				CLANG_WARN_ENUM_CONVERSION = YES;
				CLANG_WARN_INT_CONVERSION = YES;
				CLANG_WARN_OBJC_ROOT_CLASS = YES_ERROR;
				CLANG_WARN_UNREACHABLE_CODE = YES;
				CLANG_WARN__DUPLICATE_METHOD_MATCH = YES;
				"CODE_SIGN_IDENTITY[sdk=iphoneos*]" = "iPhone Developer";
				COPY_PHASE_STRIP = NO;
				ENABLE_STRICT_OBJC_MSGSEND = YES;
				GCC_C_LANGUAGE_STANDARD = gnu99;
				GCC_DYNAMIC_NO_PIC = NO;
				GCC_OPTIMIZATION_LEVEL = 0;
				GCC_PREPROCESSOR_DEFINITIONS = (
					"DEBUG=1",
					"$(inherited)",
					"STORYBOARD=1",
					"COCOAPODS=1",
				);
				GCC_SYMBOLS_PRIVATE_EXTERN = NO;
				GCC_WARN_64_TO_32_BIT_CONVERSION = YES;
				GCC_WARN_ABOUT_RETURN_TYPE = YES_ERROR;
				GCC_WARN_UNDECLARED_SELECTOR = YES;
				GCC_WARN_UNINITIALIZED_AUTOS = YES_AGGRESSIVE;
				GCC_WARN_UNUSED_FUNCTION = YES;
				GCC_WARN_UNUSED_VARIABLE = YES;
				IPHONEOS_DEPLOYMENT_TARGET = 8.0;
				MTL_ENABLE_DEBUG_INFO = YES;
				ONLY_ACTIVE_ARCH = YES;
				SDKROOT = iphoneos;
			};
			name = Debug;
		};
		AFD6364C1B038E1000ABDB3C /* Release */ = {
			isa = XCBuildConfiguration;
			buildSettings = {
				ALWAYS_SEARCH_USER_PATHS = NO;
				CLANG_CXX_LANGUAGE_STANDARD = "gnu++0x";
				CLANG_CXX_LIBRARY = "libc++";
				CLANG_ENABLE_MODULES = YES;
				CLANG_ENABLE_OBJC_ARC = YES;
				CLANG_WARN_BOOL_CONVERSION = YES;
				CLANG_WARN_CONSTANT_CONVERSION = YES;
				CLANG_WARN_DIRECT_OBJC_ISA_USAGE = YES_ERROR;
				CLANG_WARN_EMPTY_BODY = YES;
				CLANG_WARN_ENUM_CONVERSION = YES;
				CLANG_WARN_INT_CONVERSION = YES;
				CLANG_WARN_OBJC_ROOT_CLASS = YES_ERROR;
				CLANG_WARN_UNREACHABLE_CODE = YES;
				CLANG_WARN__DUPLICATE_METHOD_MATCH = YES;
				"CODE_SIGN_IDENTITY[sdk=iphoneos*]" = "iPhone Developer";
				COPY_PHASE_STRIP = YES;
				ENABLE_NS_ASSERTIONS = NO;
				ENABLE_STRICT_OBJC_MSGSEND = YES;
				GCC_C_LANGUAGE_STANDARD = gnu99;
				GCC_PREPROCESSOR_DEFINITIONS = (
					"STORYBOARD=1",
					"COCOAPODS=1",
				);
				GCC_WARN_64_TO_32_BIT_CONVERSION = YES;
				GCC_WARN_ABOUT_RETURN_TYPE = YES_ERROR;
				GCC_WARN_UNDECLARED_SELECTOR = YES;
				GCC_WARN_UNINITIALIZED_AUTOS = YES_AGGRESSIVE;
				GCC_WARN_UNUSED_FUNCTION = YES;
				GCC_WARN_UNUSED_VARIABLE = YES;
				IPHONEOS_DEPLOYMENT_TARGET = 8.0;
				MTL_ENABLE_DEBUG_INFO = NO;
				SDKROOT = iphoneos;
				VALIDATE_PRODUCT = YES;
			};
			name = Release;
		};
		AFD6364E1B038E1000ABDB3C /* Debug */ = {
			isa = XCBuildConfiguration;
			baseConfigurationReference = D19210394AACFD6C04951512 /* Pods-academy.debug.xcconfig */;
			buildSettings = {
				ASSETCATALOG_COMPILER_APPICON_NAME = AppIcon;
				CODE_SIGN_IDENTITY = "iPhone Developer";
				"CODE_SIGN_IDENTITY[sdk=iphoneos*]" = "iPhone Developer";
				INFOPLIST_FILE = academy/Info.plist;
				LD_RUNPATH_SEARCH_PATHS = "$(inherited) @executable_path/Frameworks";
				PRODUCT_NAME = "$(TARGET_NAME)";
				PROVISIONING_PROFILE = "";
				USER_HEADER_SEARCH_PATHS = "";
			};
			name = Debug;
		};
		AFD6364F1B038E1000ABDB3C /* Release */ = {
			isa = XCBuildConfiguration;
			baseConfigurationReference = E83EB9BA4E2972E7D72DA310 /* Pods-academy.release.xcconfig */;
			buildSettings = {
				ASSETCATALOG_COMPILER_APPICON_NAME = AppIcon;
				CODE_SIGN_IDENTITY = "iPhone Developer";
				"CODE_SIGN_IDENTITY[sdk=iphoneos*]" = "iPhone Developer";
				INFOPLIST_FILE = academy/Info.plist;
				LD_RUNPATH_SEARCH_PATHS = "$(inherited) @executable_path/Frameworks";
				PRODUCT_NAME = "$(TARGET_NAME)";
				PROVISIONING_PROFILE = "";
				USER_HEADER_SEARCH_PATHS = "";
			};
			name = Release;
		};
		AFD636511B038E1000ABDB3C /* Debug */ = {
			isa = XCBuildConfiguration;
			baseConfigurationReference = D19210394AACFD6C04951512 /* Pods-academy.debug.xcconfig */;
			buildSettings = {
				BUNDLE_LOADER = "$(TEST_HOST)";
				FRAMEWORK_SEARCH_PATHS = (
					"$(SDKROOT)/Developer/Library/Frameworks",
					"$(inherited)",
				);
				GCC_PREPROCESSOR_DEFINITIONS = (
					"DEBUG=1",
					"$(inherited)",
				);
				INFOPLIST_FILE = academyTests/Info.plist;
				LD_RUNPATH_SEARCH_PATHS = "$(inherited) @executable_path/Frameworks @loader_path/Frameworks";
				PRODUCT_NAME = "$(TARGET_NAME)";
				TEST_HOST = "$(BUILT_PRODUCTS_DIR)/academy.app/academy";
			};
			name = Debug;
		};
		AFD636521B038E1000ABDB3C /* Release */ = {
			isa = XCBuildConfiguration;
			baseConfigurationReference = E83EB9BA4E2972E7D72DA310 /* Pods-academy.release.xcconfig */;
			buildSettings = {
				BUNDLE_LOADER = "$(TEST_HOST)";
				FRAMEWORK_SEARCH_PATHS = (
					"$(SDKROOT)/Developer/Library/Frameworks",
					"$(inherited)",
				);
				INFOPLIST_FILE = academyTests/Info.plist;
				LD_RUNPATH_SEARCH_PATHS = "$(inherited) @executable_path/Frameworks @loader_path/Frameworks";
				PRODUCT_NAME = "$(TARGET_NAME)";
				TEST_HOST = "$(BUILT_PRODUCTS_DIR)/academy.app/academy";
			};
			name = Release;
		};
/* End XCBuildConfiguration section */

/* Begin XCConfigurationList section */
		AFD636221B038E1000ABDB3C /* Build configuration list for PBXProject "academy" */ = {
			isa = XCConfigurationList;
			buildConfigurations = (
				AFD6364B1B038E1000ABDB3C /* Debug */,
				AFD6364C1B038E1000ABDB3C /* Release */,
			);
			defaultConfigurationIsVisible = 0;
			defaultConfigurationName = Release;
		};
		AFD6364D1B038E1000ABDB3C /* Build configuration list for PBXNativeTarget "academy" */ = {
			isa = XCConfigurationList;
			buildConfigurations = (
				AFD6364E1B038E1000ABDB3C /* Debug */,
				AFD6364F1B038E1000ABDB3C /* Release */,
			);
			defaultConfigurationIsVisible = 0;
			defaultConfigurationName = Release;
		};
		AFD636501B038E1000ABDB3C /* Build configuration list for PBXNativeTarget "academyTests" */ = {
			isa = XCConfigurationList;
			buildConfigurations = (
				AFD636511B038E1000ABDB3C /* Debug */,
				AFD636521B038E1000ABDB3C /* Release */,
			);
			defaultConfigurationIsVisible = 0;
			defaultConfigurationName = Release;
		};
/* End XCConfigurationList section */

/* Begin XCVersionGroup section */
		AFD636311B038E1000ABDB3C /* academy.xcdatamodeld */ = {
			isa = XCVersionGroup;
			children = (
				AFD636321B038E1000ABDB3C /* academy.xcdatamodel */,
			);
			currentVersion = AFD636321B038E1000ABDB3C /* academy.xcdatamodel */;
			path = academy.xcdatamodeld;
			sourceTree = "<group>";
			versionGroupType = wrapper.xcdatamodel;
		};
/* End XCVersionGroup section */
	};
	rootObject = AFD6361F1B038E1000ABDB3C /* Project object */;
}
