// !$*UTF8*$!
{
	archiveVersion = 1;
	classes = {
	};
	objectVersion = 46;
	objects = {

/* Begin PBXBuildFile section */
		558C8FE8CCAE9770C97B0B23 /* libPods-academy.a in Frameworks */ = {isa = PBXBuildFile; fileRef = 19415BF26ACA690DC120472F /* libPods-academy.a */; };
		AFCFE5F11B04DD8B006D9744 /* Gotham-Rounded-Bold_21016.ttf in Resources */ = {isa = PBXBuildFile; fileRef = AFCFE5EC1B04DD8B006D9744 /* Gotham-Rounded-Bold_21016.ttf */; };
		AFCFE5F21B04DD8B006D9744 /* Gotham-Rounded-Bold-Italic_21015.ttf in Resources */ = {isa = PBXBuildFile; fileRef = AFCFE5ED1B04DD8B006D9744 /* Gotham-Rounded-Bold-Italic_21015.ttf */; };
		AFCFE5F31B04DD8B006D9744 /* Gotham-Rounded-Light_21020.ttf in Resources */ = {isa = PBXBuildFile; fileRef = AFCFE5EE1B04DD8B006D9744 /* Gotham-Rounded-Light_21020.ttf */; };
		AFCFE5F41B04DD8B006D9744 /* Gotham-Rounded-Light-Italic_21019.ttf in Resources */ = {isa = PBXBuildFile; fileRef = AFCFE5EF1B04DD8B006D9744 /* Gotham-Rounded-Light-Italic_21019.ttf */; };
		AFCFE5F51B04DD8B006D9744 /* GothamRounded-Light.ttf in Resources */ = {isa = PBXBuildFile; fileRef = AFCFE5F01B04DD8B006D9744 /* GothamRounded-Light.ttf */; };
		AFCFE5FB1B04E315006D9744 /* medium-blue-btn.png in Resources */ = {isa = PBXBuildFile; fileRef = AFCFE5F91B04E315006D9744 /* medium-blue-btn.png */; };
		AFCFE5FC1B04E315006D9744 /* medium-red-btn.png in Resources */ = {isa = PBXBuildFile; fileRef = AFCFE5FA1B04E315006D9744 /* medium-red-btn.png */; };
		AFCFE5FE1B04E668006D9744 /* cross.png in Resources */ = {isa = PBXBuildFile; fileRef = AFCFE5FD1B04E668006D9744 /* cross.png */; };
		AFD6362D1B038E1000ABDB3C /* main.m in Sources */ = {isa = PBXBuildFile; fileRef = AFD6362C1B038E1000ABDB3C /* main.m */; };
		AFD636301B038E1000ABDB3C /* AppDelegate.m in Sources */ = {isa = PBXBuildFile; fileRef = AFD6362F1B038E1000ABDB3C /* AppDelegate.m */; };
		AFD636331B038E1000ABDB3C /* academy.xcdatamodeld in Sources */ = {isa = PBXBuildFile; fileRef = AFD636311B038E1000ABDB3C /* academy.xcdatamodeld */; };
		AFD636361B038E1000ABDB3C /* ViewController.m in Sources */ = {isa = PBXBuildFile; fileRef = AFD636351B038E1000ABDB3C /* ViewController.m */; };
		AFD636391B038E1000ABDB3C /* Main.storyboard in Resources */ = {isa = PBXBuildFile; fileRef = AFD636371B038E1000ABDB3C /* Main.storyboard */; };
		AFD6363B1B038E1000ABDB3C /* Images.xcassets in Resources */ = {isa = PBXBuildFile; fileRef = AFD6363A1B038E1000ABDB3C /* Images.xcassets */; };
		AFD6363E1B038E1000ABDB3C /* LaunchScreen.xib in Resources */ = {isa = PBXBuildFile; fileRef = AFD6363C1B038E1000ABDB3C /* LaunchScreen.xib */; };
		AFD6364A1B038E1000ABDB3C /* academyTests.m in Sources */ = {isa = PBXBuildFile; fileRef = AFD636491B038E1000ABDB3C /* academyTests.m */; };
		AFE0107E1B051CE5005B4B4D /* PackageCellBG.png in Resources */ = {isa = PBXBuildFile; fileRef = AFE0107D1B051CE5005B4B4D /* PackageCellBG.png */; };
		AFE010821B053186005B4B4D /* PackageCell.m in Sources */ = {isa = PBXBuildFile; fileRef = AFE010811B053186005B4B4D /* PackageCell.m */; };
		AFE010841B053547005B4B4D /* PackCellInfoBG.png in Resources */ = {isa = PBXBuildFile; fileRef = AFE010831B053547005B4B4D /* PackCellInfoBG.png */; };
		AFE010871B05A941005B4B4D /* ShopNavVC.m in Sources */ = {isa = PBXBuildFile; fileRef = AFE010861B05A941005B4B4D /* ShopNavVC.m */; };
		AFE6DED91B03C6EC003E30CA /* Login.jpg in Resources */ = {isa = PBXBuildFile; fileRef = AFE6DECF1B03C6EC003E30CA /* Login.jpg */; };
		AFE6DEDA1B03C6EC003E30CA /* Menu.jpg in Resources */ = {isa = PBXBuildFile; fileRef = AFE6DED01B03C6EC003E30CA /* Menu.jpg */; };
		AFE6DEDB1B03C6EC003E30CA /* Profile.jpg in Resources */ = {isa = PBXBuildFile; fileRef = AFE6DED11B03C6EC003E30CA /* Profile.jpg */; };
		AFE6DEDC1B03C6EC003E30CA /* Set selection.jpg in Resources */ = {isa = PBXBuildFile; fileRef = AFE6DED21B03C6EC003E30CA /* Set selection.jpg */; };
		AFE6DEDD1B03C6EC003E30CA /* Set Start.jpg in Resources */ = {isa = PBXBuildFile; fileRef = AFE6DED31B03C6EC003E30CA /* Set Start.jpg */; };
		AFE6DEDE1B03C6EC003E30CA /* Shelf.jpg in Resources */ = {isa = PBXBuildFile; fileRef = AFE6DED41B03C6EC003E30CA /* Shelf.jpg */; };
		AFE6DEDF1B03C6EC003E30CA /* ShowWord.jpg in Resources */ = {isa = PBXBuildFile; fileRef = AFE6DED51B03C6EC003E30CA /* ShowWord.jpg */; };
		AFE6DEE01B03C6EC003E30CA /* test example 1.png in Resources */ = {isa = PBXBuildFile; fileRef = AFE6DED61B03C6EC003E30CA /* test example 1.png */; };
		AFE6DEE11B03C6EC003E30CA /* test example 2.png in Resources */ = {isa = PBXBuildFile; fileRef = AFE6DED71B03C6EC003E30CA /* test example 2.png */; };
		AFE6DEE21B03C6EC003E30CA /* WordKnownSelection.jpg in Resources */ = {isa = PBXBuildFile; fileRef = AFE6DED81B03C6EC003E30CA /* WordKnownSelection.jpg */; };
		AFE6DEE51B03C9E9003E30CA /* UserShelfVC.m in Sources */ = {isa = PBXBuildFile; fileRef = AFE6DEE41B03C9E9003E30CA /* UserShelfVC.m */; };
		AFE6DEE81B03CAF2003E30CA /* ShopVC.m in Sources */ = {isa = PBXBuildFile; fileRef = AFE6DEE71B03CAF2003E30CA /* ShopVC.m */; };
		AFE6DEEB1B03CEDC003E30CA /* SetSelectVC.m in Sources */ = {isa = PBXBuildFile; fileRef = AFE6DEEA1B03CEDC003E30CA /* SetSelectVC.m */; };
		AFE6DEEE1B03D365003E30CA /* UserShelfNavVC.m in Sources */ = {isa = PBXBuildFile; fileRef = AFE6DEED1B03D365003E30CA /* UserShelfNavVC.m */; };
		AFE6DEF11B03D7AC003E30CA /* SetDetailVC.m in Sources */ = {isa = PBXBuildFile; fileRef = AFE6DEF01B03D7AC003E30CA /* SetDetailVC.m */; };
		AFE6DEF41B048FF1003E30CA /* WordInfoVC.m in Sources */ = {isa = PBXBuildFile; fileRef = AFE6DEF31B048FF1003E30CA /* WordInfoVC.m */; };
		AFE6DEFA1B049D97003E30CA /* CardInfo.xib in Resources */ = {isa = PBXBuildFile; fileRef = AFE6DEF91B049D97003E30CA /* CardInfo.xib */; };
		AFE6DEFD1B049DC3003E30CA /* CardInfoView.m in Sources */ = {isa = PBXBuildFile; fileRef = AFE6DEFC1B049DC3003E30CA /* CardInfoView.m */; };
		AFE6DF011B04A83E003E30CA /* Card.png in Resources */ = {isa = PBXBuildFile; fileRef = AFE6DF001B04A83E003E30CA /* Card.png */; };
		AFE6DF051B04B0A4003E30CA /* CardParentVC.m in Sources */ = {isa = PBXBuildFile; fileRef = AFE6DF041B04B0A4003E30CA /* CardParentVC.m */; };
		AFED6ADD1B06756100B8AF10 /* SideMenuVC.m in Sources */ = {isa = PBXBuildFile; fileRef = AFED6ADC1B06756100B8AF10 /* SideMenuVC.m */; };
		AFEE4BAD1B07BE7C00A0FD73 /* Package.m in Sources */ = {isa = PBXBuildFile; fileRef = AFEE4BAC1B07BE7C00A0FD73 /* Package.m */; };
		AFEE4BB01B07BEAF00A0FD73 /* LSet.m in Sources */ = {isa = PBXBuildFile; fileRef = AFEE4BAF1B07BEAF00A0FD73 /* LSet.m */; };
		AFEE4BB31B07BEC100A0FD73 /* Word.m in Sources */ = {isa = PBXBuildFile; fileRef = AFEE4BB21B07BEC100A0FD73 /* Word.m */; };
		C36AEB261B0711A800A40692 /* AModel.m in Sources */ = {isa = PBXBuildFile; fileRef = C36AEB251B0711A800A40692 /* AModel.m */; };
		C36AEB281B071C6E00A40692 /* AModelTest.m in Sources */ = {isa = PBXBuildFile; fileRef = C36AEB271B071C6E00A40692 /* AModelTest.m */; };
		C36DF4EB1B084C3900C225DA /* DataEngine.m in Sources */ = {isa = PBXBuildFile; fileRef = C36DF4EA1B084C3900C225DA /* DataEngine.m */; };
		C36DF4EF1B0853B300C225DA /* LoginVC.m in Sources */ = {isa = PBXBuildFile; fileRef = C36DF4EE1B0853B300C225DA /* LoginVC.m */; };
		C36DF4F21B088B3D00C225DA /* UserPackage.m in Sources */ = {isa = PBXBuildFile; fileRef = C36DF4F11B088B3D00C225DA /* UserPackage.m */; };
		C37437271B0721A00002E46F /* User.m in Sources */ = {isa = PBXBuildFile; fileRef = C37437261B0721A00002E46F /* User.m */; };
		C37437291B0722ED0002E46F /* UserTest.m in Sources */ = {isa = PBXBuildFile; fileRef = C37437281B0722ED0002E46F /* UserTest.m */; };
/* End PBXBuildFile section */

/* Begin PBXContainerItemProxy section */
		AFD636441B038E1000ABDB3C /* PBXContainerItemProxy */ = {
			isa = PBXContainerItemProxy;
			containerPortal = AFD6361F1B038E1000ABDB3C /* Project object */;
			proxyType = 1;
			remoteGlobalIDString = AFD636261B038E1000ABDB3C;
			remoteInfo = academy;
		};
/* End PBXContainerItemProxy section */

/* Begin PBXFileReference section */
		19415BF26ACA690DC120472F /* libPods-academy.a */ = {isa = PBXFileReference; explicitFileType = archive.ar; includeInIndex = 0; path = "libPods-academy.a"; sourceTree = BUILT_PRODUCTS_DIR; };
		AFCFE5EC1B04DD8B006D9744 /* Gotham-Rounded-Bold_21016.ttf */ = {isa = PBXFileReference; lastKnownFileType = file; name = "Gotham-Rounded-Bold_21016.ttf"; path = "Fonts/Gotham-Rounded-Bold_21016.ttf"; sourceTree = "<group>"; };
		AFCFE5ED1B04DD8B006D9744 /* Gotham-Rounded-Bold-Italic_21015.ttf */ = {isa = PBXFileReference; lastKnownFileType = file; name = "Gotham-Rounded-Bold-Italic_21015.ttf"; path = "Fonts/Gotham-Rounded-Bold-Italic_21015.ttf"; sourceTree = "<group>"; };
		AFCFE5EE1B04DD8B006D9744 /* Gotham-Rounded-Light_21020.ttf */ = {isa = PBXFileReference; lastKnownFileType = file; name = "Gotham-Rounded-Light_21020.ttf"; path = "Fonts/Gotham-Rounded-Light_21020.ttf"; sourceTree = "<group>"; };
		AFCFE5EF1B04DD8B006D9744 /* Gotham-Rounded-Light-Italic_21019.ttf */ = {isa = PBXFileReference; lastKnownFileType = file; name = "Gotham-Rounded-Light-Italic_21019.ttf"; path = "Fonts/Gotham-Rounded-Light-Italic_21019.ttf"; sourceTree = "<group>"; };
		AFCFE5F01B04DD8B006D9744 /* GothamRounded-Light.ttf */ = {isa = PBXFileReference; lastKnownFileType = file; name = "GothamRounded-Light.ttf"; path = "Fonts/GothamRounded-Light.ttf"; sourceTree = "<group>"; };
		AFCFE5F91B04E315006D9744 /* medium-blue-btn.png */ = {isa = PBXFileReference; lastKnownFileType = image.png; name = "medium-blue-btn.png"; path = "Graphics/medium-blue-btn.png"; sourceTree = "<group>"; };
		AFCFE5FA1B04E315006D9744 /* medium-red-btn.png */ = {isa = PBXFileReference; lastKnownFileType = image.png; name = "medium-red-btn.png"; path = "Graphics/medium-red-btn.png"; sourceTree = "<group>"; };
		AFCFE5FD1B04E668006D9744 /* cross.png */ = {isa = PBXFileReference; lastKnownFileType = image.png; name = cross.png; path = Graphics/cross.png; sourceTree = "<group>"; };
		AFD636271B038E1000ABDB3C /* academy.app */ = {isa = PBXFileReference; explicitFileType = wrapper.application; includeInIndex = 0; path = academy.app; sourceTree = BUILT_PRODUCTS_DIR; };
		AFD6362B1B038E1000ABDB3C /* Info.plist */ = {isa = PBXFileReference; lastKnownFileType = text.plist.xml; path = Info.plist; sourceTree = "<group>"; };
		AFD6362C1B038E1000ABDB3C /* main.m */ = {isa = PBXFileReference; lastKnownFileType = sourcecode.c.objc; path = main.m; sourceTree = "<group>"; };
		AFD6362E1B038E1000ABDB3C /* AppDelegate.h */ = {isa = PBXFileReference; lastKnownFileType = sourcecode.c.h; path = AppDelegate.h; sourceTree = "<group>"; };
		AFD6362F1B038E1000ABDB3C /* AppDelegate.m */ = {isa = PBXFileReference; lastKnownFileType = sourcecode.c.objc; path = AppDelegate.m; sourceTree = "<group>"; };
		AFD636321B038E1000ABDB3C /* academy.xcdatamodel */ = {isa = PBXFileReference; lastKnownFileType = wrapper.xcdatamodel; path = academy.xcdatamodel; sourceTree = "<group>"; };
		AFD636341B038E1000ABDB3C /* ViewController.h */ = {isa = PBXFileReference; lastKnownFileType = sourcecode.c.h; path = ViewController.h; sourceTree = "<group>"; };
		AFD636351B038E1000ABDB3C /* ViewController.m */ = {isa = PBXFileReference; lastKnownFileType = sourcecode.c.objc; path = ViewController.m; sourceTree = "<group>"; };
		AFD636381B038E1000ABDB3C /* Base */ = {isa = PBXFileReference; lastKnownFileType = file.storyboard; name = Base; path = Base.lproj/Main.storyboard; sourceTree = "<group>"; };
		AFD6363A1B038E1000ABDB3C /* Images.xcassets */ = {isa = PBXFileReference; lastKnownFileType = folder.assetcatalog; path = Images.xcassets; sourceTree = "<group>"; };
		AFD6363D1B038E1000ABDB3C /* Base */ = {isa = PBXFileReference; lastKnownFileType = file.xib; name = Base; path = Base.lproj/LaunchScreen.xib; sourceTree = "<group>"; };
		AFD636431B038E1000ABDB3C /* academyTests.xctest */ = {isa = PBXFileReference; explicitFileType = wrapper.cfbundle; includeInIndex = 0; path = academyTests.xctest; sourceTree = BUILT_PRODUCTS_DIR; };
		AFD636481B038E1000ABDB3C /* Info.plist */ = {isa = PBXFileReference; lastKnownFileType = text.plist.xml; path = Info.plist; sourceTree = "<group>"; };
		AFD636491B038E1000ABDB3C /* academyTests.m */ = {isa = PBXFileReference; lastKnownFileType = sourcecode.c.objc; path = academyTests.m; sourceTree = "<group>"; };
		AFE0107D1B051CE5005B4B4D /* PackageCellBG.png */ = {isa = PBXFileReference; lastKnownFileType = image.png; name = PackageCellBG.png; path = Graphics/PackageCellBG.png; sourceTree = "<group>"; };
		AFE010801B053186005B4B4D /* PackageCell.h */ = {isa = PBXFileReference; fileEncoding = 4; lastKnownFileType = sourcecode.c.h; path = PackageCell.h; sourceTree = "<group>"; };
		AFE010811B053186005B4B4D /* PackageCell.m */ = {isa = PBXFileReference; fileEncoding = 4; lastKnownFileType = sourcecode.c.objc; path = PackageCell.m; sourceTree = "<group>"; };
		AFE010831B053547005B4B4D /* PackCellInfoBG.png */ = {isa = PBXFileReference; lastKnownFileType = image.png; name = PackCellInfoBG.png; path = Graphics/PackCellInfoBG.png; sourceTree = "<group>"; };
		AFE010851B05A941005B4B4D /* ShopNavVC.h */ = {isa = PBXFileReference; fileEncoding = 4; lastKnownFileType = sourcecode.c.h; path = ShopNavVC.h; sourceTree = "<group>"; };
		AFE010861B05A941005B4B4D /* ShopNavVC.m */ = {isa = PBXFileReference; fileEncoding = 4; lastKnownFileType = sourcecode.c.objc; path = ShopNavVC.m; sourceTree = "<group>"; };
		AFE6DECF1B03C6EC003E30CA /* Login.jpg */ = {isa = PBXFileReference; lastKnownFileType = image.jpeg; name = Login.jpg; path = "../../../../../Dropbox/openlabProduction/English Academy/mockups/Login.jpg"; sourceTree = "<group>"; };
		AFE6DED01B03C6EC003E30CA /* Menu.jpg */ = {isa = PBXFileReference; lastKnownFileType = image.jpeg; name = Menu.jpg; path = "../../../../../Dropbox/openlabProduction/English Academy/mockups/Menu.jpg"; sourceTree = "<group>"; };
		AFE6DED11B03C6EC003E30CA /* Profile.jpg */ = {isa = PBXFileReference; lastKnownFileType = image.jpeg; name = Profile.jpg; path = "../../../../../Dropbox/openlabProduction/English Academy/mockups/Profile.jpg"; sourceTree = "<group>"; };
		AFE6DED21B03C6EC003E30CA /* Set selection.jpg */ = {isa = PBXFileReference; lastKnownFileType = image.jpeg; name = "Set selection.jpg"; path = "../../../../../Dropbox/openlabProduction/English Academy/mockups/Set selection.jpg"; sourceTree = "<group>"; };
		AFE6DED31B03C6EC003E30CA /* Set Start.jpg */ = {isa = PBXFileReference; lastKnownFileType = image.jpeg; name = "Set Start.jpg"; path = "../../../../../Dropbox/openlabProduction/English Academy/mockups/Set Start.jpg"; sourceTree = "<group>"; };
		AFE6DED41B03C6EC003E30CA /* Shelf.jpg */ = {isa = PBXFileReference; lastKnownFileType = image.jpeg; name = Shelf.jpg; path = "../../../../../Dropbox/openlabProduction/English Academy/mockups/Shelf.jpg"; sourceTree = "<group>"; };
		AFE6DED51B03C6EC003E30CA /* ShowWord.jpg */ = {isa = PBXFileReference; lastKnownFileType = image.jpeg; name = ShowWord.jpg; path = "../../../../../Dropbox/openlabProduction/English Academy/mockups/ShowWord.jpg"; sourceTree = "<group>"; };
		AFE6DED61B03C6EC003E30CA /* test example 1.png */ = {isa = PBXFileReference; lastKnownFileType = image.png; name = "test example 1.png"; path = "../../../../../Dropbox/openlabProduction/English Academy/mockups/test example 1.png"; sourceTree = "<group>"; };
		AFE6DED71B03C6EC003E30CA /* test example 2.png */ = {isa = PBXFileReference; lastKnownFileType = image.png; name = "test example 2.png"; path = "../../../../../Dropbox/openlabProduction/English Academy/mockups/test example 2.png"; sourceTree = "<group>"; };
		AFE6DED81B03C6EC003E30CA /* WordKnownSelection.jpg */ = {isa = PBXFileReference; lastKnownFileType = image.jpeg; name = WordKnownSelection.jpg; path = "../../../../../Dropbox/openlabProduction/English Academy/mockups/WordKnownSelection.jpg"; sourceTree = "<group>"; };
		AFE6DEE31B03C9E9003E30CA /* UserShelfVC.h */ = {isa = PBXFileReference; fileEncoding = 4; lastKnownFileType = sourcecode.c.h; path = UserShelfVC.h; sourceTree = "<group>"; };
		AFE6DEE41B03C9E9003E30CA /* UserShelfVC.m */ = {isa = PBXFileReference; fileEncoding = 4; lastKnownFileType = sourcecode.c.objc; path = UserShelfVC.m; sourceTree = "<group>"; };
		AFE6DEE61B03CAF2003E30CA /* ShopVC.h */ = {isa = PBXFileReference; fileEncoding = 4; lastKnownFileType = sourcecode.c.h; path = ShopVC.h; sourceTree = "<group>"; };
		AFE6DEE71B03CAF2003E30CA /* ShopVC.m */ = {isa = PBXFileReference; fileEncoding = 4; lastKnownFileType = sourcecode.c.objc; path = ShopVC.m; sourceTree = "<group>"; };
		AFE6DEE91B03CEDC003E30CA /* SetSelectVC.h */ = {isa = PBXFileReference; fileEncoding = 4; lastKnownFileType = sourcecode.c.h; path = SetSelectVC.h; sourceTree = "<group>"; };
		AFE6DEEA1B03CEDC003E30CA /* SetSelectVC.m */ = {isa = PBXFileReference; fileEncoding = 4; lastKnownFileType = sourcecode.c.objc; path = SetSelectVC.m; sourceTree = "<group>"; };
		AFE6DEEC1B03D365003E30CA /* UserShelfNavVC.h */ = {isa = PBXFileReference; fileEncoding = 4; lastKnownFileType = sourcecode.c.h; path = UserShelfNavVC.h; sourceTree = "<group>"; };
		AFE6DEED1B03D365003E30CA /* UserShelfNavVC.m */ = {isa = PBXFileReference; fileEncoding = 4; lastKnownFileType = sourcecode.c.objc; path = UserShelfNavVC.m; sourceTree = "<group>"; };
		AFE6DEEF1B03D7AC003E30CA /* SetDetailVC.h */ = {isa = PBXFileReference; fileEncoding = 4; lastKnownFileType = sourcecode.c.h; path = SetDetailVC.h; sourceTree = "<group>"; };
		AFE6DEF01B03D7AC003E30CA /* SetDetailVC.m */ = {isa = PBXFileReference; fileEncoding = 4; lastKnownFileType = sourcecode.c.objc; path = SetDetailVC.m; sourceTree = "<group>"; };
		AFE6DEF21B048FF1003E30CA /* WordInfoVC.h */ = {isa = PBXFileReference; fileEncoding = 4; lastKnownFileType = sourcecode.c.h; path = WordInfoVC.h; sourceTree = "<group>"; };
		AFE6DEF31B048FF1003E30CA /* WordInfoVC.m */ = {isa = PBXFileReference; fileEncoding = 4; lastKnownFileType = sourcecode.c.objc; path = WordInfoVC.m; sourceTree = "<group>"; };
		AFE6DEF91B049D97003E30CA /* CardInfo.xib */ = {isa = PBXFileReference; fileEncoding = 4; lastKnownFileType = file.xib; name = CardInfo.xib; path = academy/CardView/CardInfo.xib; sourceTree = SOURCE_ROOT; };
		AFE6DEFB1B049DC3003E30CA /* CardInfoView.h */ = {isa = PBXFileReference; fileEncoding = 4; lastKnownFileType = sourcecode.c.h; path = CardInfoView.h; sourceTree = "<group>"; };
		AFE6DEFC1B049DC3003E30CA /* CardInfoView.m */ = {isa = PBXFileReference; fileEncoding = 4; lastKnownFileType = sourcecode.c.objc; path = CardInfoView.m; sourceTree = "<group>"; };
		AFE6DF001B04A83E003E30CA /* Card.png */ = {isa = PBXFileReference; lastKnownFileType = image.png; name = Card.png; path = Graphics/Card.png; sourceTree = "<group>"; };
		AFE6DF031B04B0A4003E30CA /* CardParentVC.h */ = {isa = PBXFileReference; fileEncoding = 4; lastKnownFileType = sourcecode.c.h; path = CardParentVC.h; sourceTree = "<group>"; };
		AFE6DF041B04B0A4003E30CA /* CardParentVC.m */ = {isa = PBXFileReference; fileEncoding = 4; lastKnownFileType = sourcecode.c.objc; path = CardParentVC.m; sourceTree = "<group>"; };
		AFED6ADB1B06756100B8AF10 /* SideMenuVC.h */ = {isa = PBXFileReference; fileEncoding = 4; lastKnownFileType = sourcecode.c.h; path = SideMenuVC.h; sourceTree = "<group>"; };
		AFED6ADC1B06756100B8AF10 /* SideMenuVC.m */ = {isa = PBXFileReference; fileEncoding = 4; lastKnownFileType = sourcecode.c.objc; path = SideMenuVC.m; sourceTree = "<group>"; };
		AFEE4BAB1B07BE7C00A0FD73 /* Package.h */ = {isa = PBXFileReference; fileEncoding = 4; lastKnownFileType = sourcecode.c.h; path = Package.h; sourceTree = "<group>"; };
		AFEE4BAC1B07BE7C00A0FD73 /* Package.m */ = {isa = PBXFileReference; fileEncoding = 4; lastKnownFileType = sourcecode.c.objc; path = Package.m; sourceTree = "<group>"; };
		AFEE4BAE1B07BEAF00A0FD73 /* LSet.h */ = {isa = PBXFileReference; fileEncoding = 4; lastKnownFileType = sourcecode.c.h; path = LSet.h; sourceTree = "<group>"; };
		AFEE4BAF1B07BEAF00A0FD73 /* LSet.m */ = {isa = PBXFileReference; fileEncoding = 4; lastKnownFileType = sourcecode.c.objc; path = LSet.m; sourceTree = "<group>"; };
		AFEE4BB11B07BEC100A0FD73 /* Word.h */ = {isa = PBXFileReference; fileEncoding = 4; lastKnownFileType = sourcecode.c.h; path = Word.h; sourceTree = "<group>"; };
		AFEE4BB21B07BEC100A0FD73 /* Word.m */ = {isa = PBXFileReference; fileEncoding = 4; lastKnownFileType = sourcecode.c.objc; path = Word.m; sourceTree = "<group>"; };
		C36AEB241B0711A800A40692 /* AModel.h */ = {isa = PBXFileReference; fileEncoding = 4; lastKnownFileType = sourcecode.c.h; path = AModel.h; sourceTree = "<group>"; };
		C36AEB251B0711A800A40692 /* AModel.m */ = {isa = PBXFileReference; fileEncoding = 4; lastKnownFileType = sourcecode.c.objc; path = AModel.m; sourceTree = "<group>"; };
		C36AEB271B071C6E00A40692 /* AModelTest.m */ = {isa = PBXFileReference; fileEncoding = 4; lastKnownFileType = sourcecode.c.objc; path = AModelTest.m; sourceTree = "<group>"; };
		C36DF4E91B084C3900C225DA /* DataEngine.h */ = {isa = PBXFileReference; fileEncoding = 4; lastKnownFileType = sourcecode.c.h; path = DataEngine.h; sourceTree = "<group>"; };
		C36DF4EA1B084C3900C225DA /* DataEngine.m */ = {isa = PBXFileReference; fileEncoding = 4; lastKnownFileType = sourcecode.c.objc; path = DataEngine.m; sourceTree = "<group>"; };
		C36DF4ED1B0853B300C225DA /* LoginVC.h */ = {isa = PBXFileReference; fileEncoding = 4; lastKnownFileType = sourcecode.c.h; path = LoginVC.h; sourceTree = "<group>"; };
		C36DF4EE1B0853B300C225DA /* LoginVC.m */ = {isa = PBXFileReference; fileEncoding = 4; lastKnownFileType = sourcecode.c.objc; path = LoginVC.m; sourceTree = "<group>"; };
		C36DF4F01B088B3D00C225DA /* UserPackage.h */ = {isa = PBXFileReference; fileEncoding = 4; lastKnownFileType = sourcecode.c.h; path = UserPackage.h; sourceTree = "<group>"; };
		C36DF4F11B088B3D00C225DA /* UserPackage.m */ = {isa = PBXFileReference; fileEncoding = 4; lastKnownFileType = sourcecode.c.objc; path = UserPackage.m; sourceTree = "<group>"; };
		C37437251B0721A00002E46F /* User.h */ = {isa = PBXFileReference; fileEncoding = 4; lastKnownFileType = sourcecode.c.h; path = User.h; sourceTree = "<group>"; };
		C37437261B0721A00002E46F /* User.m */ = {isa = PBXFileReference; fileEncoding = 4; lastKnownFileType = sourcecode.c.objc; path = User.m; sourceTree = "<group>"; };
		C37437281B0722ED0002E46F /* UserTest.m */ = {isa = PBXFileReference; fileEncoding = 4; lastKnownFileType = sourcecode.c.objc; path = UserTest.m; sourceTree = "<group>"; };
		D19210394AACFD6C04951512 /* Pods-academy.debug.xcconfig */ = {isa = PBXFileReference; includeInIndex = 1; lastKnownFileType = text.xcconfig; name = "Pods-academy.debug.xcconfig"; path = "Pods/Target Support Files/Pods-academy/Pods-academy.debug.xcconfig"; sourceTree = "<group>"; };
		E83EB9BA4E2972E7D72DA310 /* Pods-academy.release.xcconfig */ = {isa = PBXFileReference; includeInIndex = 1; lastKnownFileType = text.xcconfig; name = "Pods-academy.release.xcconfig"; path = "Pods/Target Support Files/Pods-academy/Pods-academy.release.xcconfig"; sourceTree = "<group>"; };
/* End PBXFileReference section */

/* Begin PBXFrameworksBuildPhase section */
		AFD636241B038E1000ABDB3C /* Frameworks */ = {
			isa = PBXFrameworksBuildPhase;
			buildActionMask = 2147483647;
			files = (
				558C8FE8CCAE9770C97B0B23 /* libPods-academy.a in Frameworks */,
			);
			runOnlyForDeploymentPostprocessing = 0;
		};
		AFD636401B038E1000ABDB3C /* Frameworks */ = {
			isa = PBXFrameworksBuildPhase;
			buildActionMask = 2147483647;
			files = (
			);
			runOnlyForDeploymentPostprocessing = 0;
		};
/* End PBXFrameworksBuildPhase section */

/* Begin PBXGroup section */
		AFCFE5E61B04D754006D9744 /* Fonts */ = {
			isa = PBXGroup;
			children = (
				AFCFE5EC1B04DD8B006D9744 /* Gotham-Rounded-Bold_21016.ttf */,
				AFCFE5ED1B04DD8B006D9744 /* Gotham-Rounded-Bold-Italic_21015.ttf */,
				AFCFE5EE1B04DD8B006D9744 /* Gotham-Rounded-Light_21020.ttf */,
				AFCFE5EF1B04DD8B006D9744 /* Gotham-Rounded-Light-Italic_21019.ttf */,
				AFCFE5F01B04DD8B006D9744 /* GothamRounded-Light.ttf */,
			);
			name = Fonts;
			sourceTree = "<group>";
		};
		AFD6361E1B038E1000ABDB3C = {
			isa = PBXGroup;
			children = (
				AFD636291B038E1000ABDB3C /* academy */,
				AFD636461B038E1000ABDB3C /* academyTests */,
				AFD636281B038E1000ABDB3C /* Products */,
				D39ADDDCCF91B06F2D2784D1 /* Pods */,
				D1F161B5ED3662F51D828E49 /* Frameworks */,
			);
			sourceTree = "<group>";
		};
		AFD636281B038E1000ABDB3C /* Products */ = {
			isa = PBXGroup;
			children = (
				AFD636271B038E1000ABDB3C /* academy.app */,
				AFD636431B038E1000ABDB3C /* academyTests.xctest */,
			);
			name = Products;
			sourceTree = "<group>";
		};
		AFD636291B038E1000ABDB3C /* academy */ = {
			isa = PBXGroup;
			children = (
				C36DF4EC1B084C4300C225DA /* Singleton */,
				C36AEB231B0710AF00A40692 /* Models */,
				C36AEB221B07109D00A40692 /* Controllers */,
				AFE0107F1B05313C005B4B4D /* Misc Object */,
				AFCFE5E61B04D754006D9744 /* Fonts */,
				AFE6DF021B04B016003E30CA /* WordCardViewCollection */,
				AFE6DEFF1B04A830003E30CA /* Graphics */,
				AFE6DEF51B049D04003E30CA /* CardView */,
				AFE6DECE1B03C6CF003E30CA /* Mockups img */,
				AFD6362E1B038E1000ABDB3C /* AppDelegate.h */,
				AFD6362F1B038E1000ABDB3C /* AppDelegate.m */,
				AFD636341B038E1000ABDB3C /* ViewController.h */,
				AFD636351B038E1000ABDB3C /* ViewController.m */,
				AFD636371B038E1000ABDB3C /* Main.storyboard */,
				AFD6363A1B038E1000ABDB3C /* Images.xcassets */,
				AFD6363C1B038E1000ABDB3C /* LaunchScreen.xib */,
				AFD636311B038E1000ABDB3C /* academy.xcdatamodeld */,
				AFD6362A1B038E1000ABDB3C /* Supporting Files */,
			);
			path = academy;
			sourceTree = "<group>";
		};
		AFD6362A1B038E1000ABDB3C /* Supporting Files */ = {
			isa = PBXGroup;
			children = (
				AFD6362B1B038E1000ABDB3C /* Info.plist */,
				AFD6362C1B038E1000ABDB3C /* main.m */,
			);
			name = "Supporting Files";
			sourceTree = "<group>";
		};
		AFD636461B038E1000ABDB3C /* academyTests */ = {
			isa = PBXGroup;
			children = (
				AFD636491B038E1000ABDB3C /* academyTests.m */,
				AFD636471B038E1000ABDB3C /* Supporting Files */,
				C36AEB271B071C6E00A40692 /* AModelTest.m */,
				C37437281B0722ED0002E46F /* UserTest.m */,
			);
			path = academyTests;
			sourceTree = "<group>";
		};
		AFD636471B038E1000ABDB3C /* Supporting Files */ = {
			isa = PBXGroup;
			children = (
				AFD636481B038E1000ABDB3C /* Info.plist */,
			);
			name = "Supporting Files";
			sourceTree = "<group>";
		};
		AFE0107F1B05313C005B4B4D /* Misc Object */ = {
			isa = PBXGroup;
			children = (
				AFE010801B053186005B4B4D /* PackageCell.h */,
				AFE010811B053186005B4B4D /* PackageCell.m */,
			);
			name = "Misc Object";
			sourceTree = "<group>";
		};
		AFE6DECE1B03C6CF003E30CA /* Mockups img */ = {
			isa = PBXGroup;
			children = (
				AFE6DECF1B03C6EC003E30CA /* Login.jpg */,
				AFE6DED01B03C6EC003E30CA /* Menu.jpg */,
				AFE6DED11B03C6EC003E30CA /* Profile.jpg */,
				AFE6DED21B03C6EC003E30CA /* Set selection.jpg */,
				AFE6DED31B03C6EC003E30CA /* Set Start.jpg */,
				AFE6DED41B03C6EC003E30CA /* Shelf.jpg */,
				AFE6DED51B03C6EC003E30CA /* ShowWord.jpg */,
				AFE6DED61B03C6EC003E30CA /* test example 1.png */,
				AFE6DED71B03C6EC003E30CA /* test example 2.png */,
				AFE6DED81B03C6EC003E30CA /* WordKnownSelection.jpg */,
			);
			name = "Mockups img";
			sourceTree = "<group>";
		};
		AFE6DEF51B049D04003E30CA /* CardView */ = {
			isa = PBXGroup;
			children = (
				AFE6DEF91B049D97003E30CA /* CardInfo.xib */,
				AFE6DEFB1B049DC3003E30CA /* CardInfoView.h */,
				AFE6DEFC1B049DC3003E30CA /* CardInfoView.m */,
			);
			name = CardView;
			path = SlideMenu3D;
			sourceTree = "<group>";
		};
		AFE6DEFF1B04A830003E30CA /* Graphics */ = {
			isa = PBXGroup;
			children = (
				AFE010831B053547005B4B4D /* PackCellInfoBG.png */,
				AFE0107D1B051CE5005B4B4D /* PackageCellBG.png */,
				AFCFE5FD1B04E668006D9744 /* cross.png */,
				AFCFE5F91B04E315006D9744 /* medium-blue-btn.png */,
				AFCFE5FA1B04E315006D9744 /* medium-red-btn.png */,
				AFE6DF001B04A83E003E30CA /* Card.png */,
			);
			name = Graphics;
			sourceTree = "<group>";
		};
		AFE6DF021B04B016003E30CA /* WordCardViewCollection */ = {
			isa = PBXGroup;
			children = (
				AFE6DEF21B048FF1003E30CA /* WordInfoVC.h */,
				AFE6DEF31B048FF1003E30CA /* WordInfoVC.m */,
				AFE6DF031B04B0A4003E30CA /* CardParentVC.h */,
				AFE6DF041B04B0A4003E30CA /* CardParentVC.m */,
			);
			name = WordCardViewCollection;
			sourceTree = "<group>";
		};
		C36AEB221B07109D00A40692 /* Controllers */ = {
			isa = PBXGroup;
			children = (
				AFED6ADB1B06756100B8AF10 /* SideMenuVC.h */,
				AFED6ADC1B06756100B8AF10 /* SideMenuVC.m */,
				AFE6DEEC1B03D365003E30CA /* UserShelfNavVC.h */,
				AFE6DEED1B03D365003E30CA /* UserShelfNavVC.m */,
				AFE6DEE31B03C9E9003E30CA /* UserShelfVC.h */,
				AFE6DEE41B03C9E9003E30CA /* UserShelfVC.m */,
				AFE010851B05A941005B4B4D /* ShopNavVC.h */,
				AFE010861B05A941005B4B4D /* ShopNavVC.m */,
				AFE6DEE61B03CAF2003E30CA /* ShopVC.h */,
				AFE6DEE71B03CAF2003E30CA /* ShopVC.m */,
				AFE6DEE91B03CEDC003E30CA /* SetSelectVC.h */,
				AFE6DEEA1B03CEDC003E30CA /* SetSelectVC.m */,
				AFE6DEEF1B03D7AC003E30CA /* SetDetailVC.h */,
				AFE6DEF01B03D7AC003E30CA /* SetDetailVC.m */,
				C36DF4ED1B0853B300C225DA /* LoginVC.h */,
				C36DF4EE1B0853B300C225DA /* LoginVC.m */,
			);
			name = Controllers;
			sourceTree = "<group>";
		};
		C36AEB231B0710AF00A40692 /* Models */ = {
			isa = PBXGroup;
			children = (
				C36AEB241B0711A800A40692 /* AModel.h */,
				C36AEB251B0711A800A40692 /* AModel.m */,
				C37437251B0721A00002E46F /* User.h */,
				C37437261B0721A00002E46F /* User.m */,
				AFEE4BAB1B07BE7C00A0FD73 /* Package.h */,
				AFEE4BAC1B07BE7C00A0FD73 /* Package.m */,
				AFEE4BAE1B07BEAF00A0FD73 /* LSet.h */,
				AFEE4BAF1B07BEAF00A0FD73 /* LSet.m */,
				AFEE4BB11B07BEC100A0FD73 /* Word.h */,
				AFEE4BB21B07BEC100A0FD73 /* Word.m */,
				C36DF4F01B088B3D00C225DA /* UserPackage.h */,
				C36DF4F11B088B3D00C225DA /* UserPackage.m */,
			);
			name = Models;
			sourceTree = "<group>";
		};
		C36DF4EC1B084C4300C225DA /* Singleton */ = {
			isa = PBXGroup;
			children = (
				C36DF4E91B084C3900C225DA /* DataEngine.h */,
				C36DF4EA1B084C3900C225DA /* DataEngine.m */,
			);
			name = Singleton;
			sourceTree = "<group>";
		};
		D1F161B5ED3662F51D828E49 /* Frameworks */ = {
			isa = PBXGroup;
			children = (
				19415BF26ACA690DC120472F /* libPods-academy.a */,
			);
			name = Frameworks;
			sourceTree = "<group>";
		};
		D39ADDDCCF91B06F2D2784D1 /* Pods */ = {
			isa = PBXGroup;
			children = (
				D19210394AACFD6C04951512 /* Pods-academy.debug.xcconfig */,
				E83EB9BA4E2972E7D72DA310 /* Pods-academy.release.xcconfig */,
			);
			name = Pods;
			sourceTree = "<group>";
		};
/* End PBXGroup section */

/* Begin PBXNativeTarget section */
		AFD636261B038E1000ABDB3C /* academy */ = {
			isa = PBXNativeTarget;
			buildConfigurationList = AFD6364D1B038E1000ABDB3C /* Build configuration list for PBXNativeTarget "academy" */;
			buildPhases = (
				E35876E87478BDDC53023A20 /* Check Pods Manifest.lock */,
				AFD636231B038E1000ABDB3C /* Sources */,
				AFD636241B038E1000ABDB3C /* Frameworks */,
				AFD636251B038E1000ABDB3C /* Resources */,
				2A0EC2D1E21788BEA298C225 /* Copy Pods Resources */,
			);
			buildRules = (
			);
			dependencies = (
			);
			name = academy;
			productName = academy;
			productReference = AFD636271B038E1000ABDB3C /* academy.app */;
			productType = "com.apple.product-type.application";
		};
		AFD636421B038E1000ABDB3C /* academyTests */ = {
			isa = PBXNativeTarget;
			buildConfigurationList = AFD636501B038E1000ABDB3C /* Build configuration list for PBXNativeTarget "academyTests" */;
			buildPhases = (
				AFD6363F1B038E1000ABDB3C /* Sources */,
				AFD636401B038E1000ABDB3C /* Frameworks */,
				AFD636411B038E1000ABDB3C /* Resources */,
			);
			buildRules = (
			);
			dependencies = (
				AFD636451B038E1000ABDB3C /* PBXTargetDependency */,
			);
			name = academyTests;
			productName = academyTests;
			productReference = AFD636431B038E1000ABDB3C /* academyTests.xctest */;
			productType = "com.apple.product-type.bundle.unit-test";
		};
/* End PBXNativeTarget section */

/* Begin PBXProject section */
		AFD6361F1B038E1000ABDB3C /* Project object */ = {
			isa = PBXProject;
			attributes = {
				LastUpgradeCheck = 0600;
				ORGANIZATIONNAME = Openlabproduction;
				TargetAttributes = {
					AFD636261B038E1000ABDB3C = {
						CreatedOnToolsVersion = 6.0;
						DevelopmentTeam = 5TP4Q7LFBK;
					};
					AFD636421B038E1000ABDB3C = {
						CreatedOnToolsVersion = 6.0;
						TestTargetID = AFD636261B038E1000ABDB3C;
					};
				};
			};
			buildConfigurationList = AFD636221B038E1000ABDB3C /* Build configuration list for PBXProject "academy" */;
			compatibilityVersion = "Xcode 3.2";
			developmentRegion = English;
			hasScannedForEncodings = 0;
			knownRegions = (
				en,
				Base,
			);
			mainGroup = AFD6361E1B038E1000ABDB3C;
			productRefGroup = AFD636281B038E1000ABDB3C /* Products */;
			projectDirPath = "";
			projectRoot = "";
			targets = (
				AFD636261B038E1000ABDB3C /* academy */,
				AFD636421B038E1000ABDB3C /* academyTests */,
			);
		};
/* End PBXProject section */

/* Begin PBXResourcesBuildPhase section */
		AFD636251B038E1000ABDB3C /* Resources */ = {
			isa = PBXResourcesBuildPhase;
			buildActionMask = 2147483647;
			files = (
				AFD636391B038E1000ABDB3C /* Main.storyboard in Resources */,
				AFE0107E1B051CE5005B4B4D /* PackageCellBG.png in Resources */,
				AFCFE5F51B04DD8B006D9744 /* GothamRounded-Light.ttf in Resources */,
				AFE6DEFA1B049D97003E30CA /* CardInfo.xib in Resources */,
				AFE010841B053547005B4B4D /* PackCellInfoBG.png in Resources */,
				AFE6DEDB1B03C6EC003E30CA /* Profile.jpg in Resources */,
				AFE6DED91B03C6EC003E30CA /* Login.jpg in Resources */,
				AFE6DEDA1B03C6EC003E30CA /* Menu.jpg in Resources */,
				AFE6DEDC1B03C6EC003E30CA /* Set selection.jpg in Resources */,
				AFD6363E1B038E1000ABDB3C /* LaunchScreen.xib in Resources */,
				AFE6DEE21B03C6EC003E30CA /* WordKnownSelection.jpg in Resources */,
				AFE6DEDF1B03C6EC003E30CA /* ShowWord.jpg in Resources */,
				AFCFE5FE1B04E668006D9744 /* cross.png in Resources */,
				AFCFE5F31B04DD8B006D9744 /* Gotham-Rounded-Light_21020.ttf in Resources */,
				AFE6DEE11B03C6EC003E30CA /* test example 2.png in Resources */,
				AFE6DEDD1B03C6EC003E30CA /* Set Start.jpg in Resources */,
				AFE6DEE01B03C6EC003E30CA /* test example 1.png in Resources */,
				AFE6DF011B04A83E003E30CA /* Card.png in Resources */,
				AFCFE5F41B04DD8B006D9744 /* Gotham-Rounded-Light-Italic_21019.ttf in Resources */,
				AFCFE5FB1B04E315006D9744 /* medium-blue-btn.png in Resources */,
				AFCFE5F21B04DD8B006D9744 /* Gotham-Rounded-Bold-Italic_21015.ttf in Resources */,
				AFD6363B1B038E1000ABDB3C /* Images.xcassets in Resources */,
				AFCFE5F11B04DD8B006D9744 /* Gotham-Rounded-Bold_21016.ttf in Resources */,
				AFE6DEDE1B03C6EC003E30CA /* Shelf.jpg in Resources */,
				AFCFE5FC1B04E315006D9744 /* medium-red-btn.png in Resources */,
			);
			runOnlyForDeploymentPostprocessing = 0;
		};
		AFD636411B038E1000ABDB3C /* Resources */ = {
			isa = PBXResourcesBuildPhase;
			buildActionMask = 2147483647;
			files = (
			);
			runOnlyForDeploymentPostprocessing = 0;
		};
/* End PBXResourcesBuildPhase section */

/* Begin PBXShellScriptBuildPhase section */
		2A0EC2D1E21788BEA298C225 /* Copy Pods Resources */ = {
			isa = PBXShellScriptBuildPhase;
			buildActionMask = 2147483647;
			files = (
			);
			inputPaths = (
			);
			name = "Copy Pods Resources";
			outputPaths = (
			);
			runOnlyForDeploymentPostprocessing = 0;
			shellPath = /bin/sh;
			shellScript = "\"${SRCROOT}/Pods/Target Support Files/Pods-academy/Pods-academy-resources.sh\"\n";
			showEnvVarsInLog = 0;
		};
		E35876E87478BDDC53023A20 /* Check Pods Manifest.lock */ = {
			isa = PBXShellScriptBuildPhase;
			buildActionMask = 2147483647;
			files = (
			);
			inputPaths = (
			);
			name = "Check Pods Manifest.lock";
			outputPaths = (
			);
			runOnlyForDeploymentPostprocessing = 0;
			shellPath = /bin/sh;
			shellScript = "diff \"${PODS_ROOT}/../Podfile.lock\" \"${PODS_ROOT}/Manifest.lock\" > /dev/null\nif [[ $? != 0 ]] ; then\n    cat << EOM\nerror: The sandbox is not in sync with the Podfile.lock. Run 'pod install' or update your CocoaPods installation.\nEOM\n    exit 1\nfi\n";
			showEnvVarsInLog = 0;
		};
/* End PBXShellScriptBuildPhase section */

/* Begin PBXSourcesBuildPhase section */
		AFD636231B038E1000ABDB3C /* Sources */ = {
			isa = PBXSourcesBuildPhase;
			buildActionMask = 2147483647;
			files = (
				AFE010871B05A941005B4B4D /* ShopNavVC.m in Sources */,
				AFE6DEF11B03D7AC003E30CA /* SetDetailVC.m in Sources */,
				AFE6DEEE1B03D365003E30CA /* UserShelfNavVC.m in Sources */,
				AFE010821B053186005B4B4D /* PackageCell.m in Sources */,
				C37437271B0721A00002E46F /* User.m in Sources */,
				AFEE4BB31B07BEC100A0FD73 /* Word.m in Sources */,
				C36DF4EF1B0853B300C225DA /* LoginVC.m in Sources */,
				AFE6DF051B04B0A4003E30CA /* CardParentVC.m in Sources */,
				C36AEB261B0711A800A40692 /* AModel.m in Sources */,
				AFD636301B038E1000ABDB3C /* AppDelegate.m in Sources */,
				C36DF4F21B088B3D00C225DA /* UserPackage.m in Sources */,
				AFE6DEF41B048FF1003E30CA /* WordInfoVC.m in Sources */,
				AFE6DEE81B03CAF2003E30CA /* ShopVC.m in Sources */,
				AFD6362D1B038E1000ABDB3C /* main.m in Sources */,
				AFE6DEFD1B049DC3003E30CA /* CardInfoView.m in Sources */,
				AFEE4BAD1B07BE7C00A0FD73 /* Package.m in Sources */,
				C36DF4EB1B084C3900C225DA /* DataEngine.m in Sources */,
				AFE6DEE51B03C9E9003E30CA /* UserShelfVC.m in Sources */,
				AFED6ADD1B06756100B8AF10 /* SideMenuVC.m in Sources */,
				AFEE4BB01B07BEAF00A0FD73 /* LSet.m in Sources */,
				AFE6DEEB1B03CEDC003E30CA /* SetSelectVC.m in Sources */,
				AFD636361B038E1000ABDB3C /* ViewController.m in Sources */,
				AFD636331B038E1000ABDB3C /* academy.xcdatamodeld in Sources */,
			);
			runOnlyForDeploymentPostprocessing = 0;
		};
		AFD6363F1B038E1000ABDB3C /* Sources */ = {
			isa = PBXSourcesBuildPhase;
			buildActionMask = 2147483647;
			files = (
				AFD6364A1B038E1000ABDB3C /* academyTests.m in Sources */,
				C36AEB281B071C6E00A40692 /* AModelTest.m in Sources */,
				C37437291B0722ED0002E46F /* UserTest.m in Sources */,
			);
			runOnlyForDeploymentPostprocessing = 0;
		};
/* End PBXSourcesBuildPhase section */

/* Begin PBXTargetDependency section */
		AFD636451B038E1000ABDB3C /* PBXTargetDependency */ = {
			isa = PBXTargetDependency;
			target = AFD636261B038E1000ABDB3C /* academy */;
			targetProxy = AFD636441B038E1000ABDB3C /* PBXContainerItemProxy */;
		};
/* End PBXTargetDependency section */

/* Begin PBXVariantGroup section */
		AFD636371B038E1000ABDB3C /* Main.storyboard */ = {
			isa = PBXVariantGroup;
			children = (
				AFD636381B038E1000ABDB3C /* Base */,
			);
			name = Main.storyboard;
			sourceTree = "<group>";
		};
		AFD6363C1B038E1000ABDB3C /* LaunchScreen.xib */ = {
			isa = PBXVariantGroup;
			children = (
				AFD6363D1B038E1000ABDB3C /* Base */,
			);
			name = LaunchScreen.xib;
			sourceTree = "<group>";
		};
/* End PBXVariantGroup section */

/* Begin XCBuildConfiguration section */
		AFD6364B1B038E1000ABDB3C /* Debug */ = {
			isa = XCBuildConfiguration;
			buildSettings = {
				ALWAYS_SEARCH_USER_PATHS = NO;
				CLANG_CXX_LANGUAGE_STANDARD = "gnu++0x";
				CLANG_CXX_LIBRARY = "libc++";
				CLANG_ENABLE_MODULES = YES;
				CLANG_ENABLE_OBJC_ARC = YES;
				CLANG_WARN_BOOL_CONVERSION = YES;
				CLANG_WARN_CONSTANT_CONVERSION = YES;
				CLANG_WARN_DIRECT_OBJC_ISA_USAGE = YES_ERROR;
				CLANG_WARN_EMPTY_BODY = YES;
				CLANG_WARN_ENUM_CONVERSION = YES;
				CLANG_WARN_INT_CONVERSION = YES;
				CLANG_WARN_OBJC_ROOT_CLASS = YES_ERROR;
				CLANG_WARN_UNREACHABLE_CODE = YES;
				CLANG_WARN__DUPLICATE_METHOD_MATCH = YES;
				"CODE_SIGN_IDENTITY[sdk=iphoneos*]" = "iPhone Developer";
				COPY_PHASE_STRIP = NO;
				ENABLE_STRICT_OBJC_MSGSEND = YES;
				GCC_C_LANGUAGE_STANDARD = gnu99;
				GCC_DYNAMIC_NO_PIC = NO;
				GCC_OPTIMIZATION_LEVEL = 0;
				GCC_PREPROCESSOR_DEFINITIONS = (
					"DEBUG=1",
					"$(inherited)",
				);
				GCC_SYMBOLS_PRIVATE_EXTERN = NO;
				GCC_WARN_64_TO_32_BIT_CONVERSION = YES;
				GCC_WARN_ABOUT_RETURN_TYPE = YES_ERROR;
				GCC_WARN_UNDECLARED_SELECTOR = YES;
				GCC_WARN_UNINITIALIZED_AUTOS = YES_AGGRESSIVE;
				GCC_WARN_UNUSED_FUNCTION = YES;
				GCC_WARN_UNUSED_VARIABLE = YES;
				IPHONEOS_DEPLOYMENT_TARGET = 8.0;
				MTL_ENABLE_DEBUG_INFO = YES;
				ONLY_ACTIVE_ARCH = YES;
				SDKROOT = iphoneos;
			};
			name = Debug;
		};
		AFD6364C1B038E1000ABDB3C /* Release */ = {
			isa = XCBuildConfiguration;
			buildSettings = {
				ALWAYS_SEARCH_USER_PATHS = NO;
				CLANG_CXX_LANGUAGE_STANDARD = "gnu++0x";
				CLANG_CXX_LIBRARY = "libc++";
				CLANG_ENABLE_MODULES = YES;
				CLANG_ENABLE_OBJC_ARC = YES;
				CLANG_WARN_BOOL_CONVERSION = YES;
				CLANG_WARN_CONSTANT_CONVERSION = YES;
				CLANG_WARN_DIRECT_OBJC_ISA_USAGE = YES_ERROR;
				CLANG_WARN_EMPTY_BODY = YES;
				CLANG_WARN_ENUM_CONVERSION = YES;
				CLANG_WARN_INT_CONVERSION = YES;
				CLANG_WARN_OBJC_ROOT_CLASS = YES_ERROR;
				CLANG_WARN_UNREACHABLE_CODE = YES;
				CLANG_WARN__DUPLICATE_METHOD_MATCH = YES;
				"CODE_SIGN_IDENTITY[sdk=iphoneos*]" = "iPhone Developer";
				COPY_PHASE_STRIP = YES;
				ENABLE_NS_ASSERTIONS = NO;
				ENABLE_STRICT_OBJC_MSGSEND = YES;
				GCC_C_LANGUAGE_STANDARD = gnu99;
				GCC_WARN_64_TO_32_BIT_CONVERSION = YES;
				GCC_WARN_ABOUT_RETURN_TYPE = YES_ERROR;
				GCC_WARN_UNDECLARED_SELECTOR = YES;
				GCC_WARN_UNINITIALIZED_AUTOS = YES_AGGRESSIVE;
				GCC_WARN_UNUSED_FUNCTION = YES;
				GCC_WARN_UNUSED_VARIABLE = YES;
				IPHONEOS_DEPLOYMENT_TARGET = 8.0;
				MTL_ENABLE_DEBUG_INFO = NO;
				SDKROOT = iphoneos;
				VALIDATE_PRODUCT = YES;
			};
			name = Release;
		};
		AFD6364E1B038E1000ABDB3C /* Debug */ = {
			isa = XCBuildConfiguration;
			baseConfigurationReference = D19210394AACFD6C04951512 /* Pods-academy.debug.xcconfig */;
			buildSettings = {
				ASSETCATALOG_COMPILER_APPICON_NAME = AppIcon;
				CODE_SIGN_IDENTITY = "iPhone Developer";
				"CODE_SIGN_IDENTITY[sdk=iphoneos*]" = "iPhone Developer";
				INFOPLIST_FILE = academy/Info.plist;
				LD_RUNPATH_SEARCH_PATHS = "$(inherited) @executable_path/Frameworks";
				PRODUCT_NAME = "$(TARGET_NAME)";
				PROVISIONING_PROFILE = "";
				USER_HEADER_SEARCH_PATHS = "";
			};
			name = Debug;
		};
		AFD6364F1B038E1000ABDB3C /* Release */ = {
			isa = XCBuildConfiguration;
			baseConfigurationReference = E83EB9BA4E2972E7D72DA310 /* Pods-academy.release.xcconfig */;
			buildSettings = {
				ASSETCATALOG_COMPILER_APPICON_NAME = AppIcon;
				CODE_SIGN_IDENTITY = "iPhone Developer";
				"CODE_SIGN_IDENTITY[sdk=iphoneos*]" = "iPhone Developer";
				INFOPLIST_FILE = academy/Info.plist;
				LD_RUNPATH_SEARCH_PATHS = "$(inherited) @executable_path/Frameworks";
				PRODUCT_NAME = "$(TARGET_NAME)";
				PROVISIONING_PROFILE = "";
				USER_HEADER_SEARCH_PATHS = "";
			};
			name = Release;
		};
		AFD636511B038E1000ABDB3C /* Debug */ = {
			isa = XCBuildConfiguration;
			buildSettings = {
				BUNDLE_LOADER = "$(TEST_HOST)";
				FRAMEWORK_SEARCH_PATHS = (
					"$(SDKROOT)/Developer/Library/Frameworks",
					"$(inherited)",
				);
				GCC_PREPROCESSOR_DEFINITIONS = (
					"DEBUG=1",
					"$(inherited)",
				);
				INFOPLIST_FILE = academyTests/Info.plist;
				LD_RUNPATH_SEARCH_PATHS = "$(inherited) @executable_path/Frameworks @loader_path/Frameworks";
				PRODUCT_NAME = "$(TARGET_NAME)";
				TEST_HOST = "$(BUILT_PRODUCTS_DIR)/academy.app/academy";
			};
			name = Debug;
		};
		AFD636521B038E1000ABDB3C /* Release */ = {
			isa = XCBuildConfiguration;
			buildSettings = {
				BUNDLE_LOADER = "$(TEST_HOST)";
				FRAMEWORK_SEARCH_PATHS = (
					"$(SDKROOT)/Developer/Library/Frameworks",
					"$(inherited)",
				);
				INFOPLIST_FILE = academyTests/Info.plist;
				LD_RUNPATH_SEARCH_PATHS = "$(inherited) @executable_path/Frameworks @loader_path/Frameworks";
				PRODUCT_NAME = "$(TARGET_NAME)";
				TEST_HOST = "$(BUILT_PRODUCTS_DIR)/academy.app/academy";
			};
			name = Release;
		};
/* End XCBuildConfiguration section */

/* Begin XCConfigurationList section */
		AFD636221B038E1000ABDB3C /* Build configuration list for PBXProject "academy" */ = {
			isa = XCConfigurationList;
			buildConfigurations = (
				AFD6364B1B038E1000ABDB3C /* Debug */,
				AFD6364C1B038E1000ABDB3C /* Release */,
			);
			defaultConfigurationIsVisible = 0;
			defaultConfigurationName = Release;
		};
		AFD6364D1B038E1000ABDB3C /* Build configuration list for PBXNativeTarget "academy" */ = {
			isa = XCConfigurationList;
			buildConfigurations = (
				AFD6364E1B038E1000ABDB3C /* Debug */,
				AFD6364F1B038E1000ABDB3C /* Release */,
			);
			defaultConfigurationIsVisible = 0;
			defaultConfigurationName = Release;
		};
		AFD636501B038E1000ABDB3C /* Build configuration list for PBXNativeTarget "academyTests" */ = {
			isa = XCConfigurationList;
			buildConfigurations = (
				AFD636511B038E1000ABDB3C /* Debug */,
				AFD636521B038E1000ABDB3C /* Release */,
			);
			defaultConfigurationIsVisible = 0;
			defaultConfigurationName = Release;
		};
/* End XCConfigurationList section */

/* Begin XCVersionGroup section */
		AFD636311B038E1000ABDB3C /* academy.xcdatamodeld */ = {
			isa = XCVersionGroup;
			children = (
				AFD636321B038E1000ABDB3C /* academy.xcdatamodel */,
			);
			currentVersion = AFD636321B038E1000ABDB3C /* academy.xcdatamodel */;
			path = academy.xcdatamodeld;
			sourceTree = "<group>";
			versionGroupType = wrapper.xcdatamodel;
		};
/* End XCVersionGroup section */
	};
	rootObject = AFD6361F1B038E1000ABDB3C /* Project object */;
}
