// !$*UTF8*$!
{
	archiveVersion = 1;
	classes = {
	};
	objectVersion = 46;
	objects = {

/* Begin PBXBuildFile section */
		AFD6362D1B038E1000ABDB3C /* main.m in Sources */ = {isa = PBXBuildFile; fileRef = AFD6362C1B038E1000ABDB3C /* main.m */; };
		AFD636301B038E1000ABDB3C /* AppDelegate.m in Sources */ = {isa = PBXBuildFile; fileRef = AFD6362F1B038E1000ABDB3C /* AppDelegate.m */; };
		AFD636331B038E1000ABDB3C /* academy.xcdatamodeld in Sources */ = {isa = PBXBuildFile; fileRef = AFD636311B038E1000ABDB3C /* academy.xcdatamodeld */; };
		AFD636361B038E1000ABDB3C /* ViewController.m in Sources */ = {isa = PBXBuildFile; fileRef = AFD636351B038E1000ABDB3C /* ViewController.m */; };
		AFD636391B038E1000ABDB3C /* Main.storyboard in Resources */ = {isa = PBXBuildFile; fileRef = AFD636371B038E1000ABDB3C /* Main.storyboard */; };
		AFD6363B1B038E1000ABDB3C /* Images.xcassets in Resources */ = {isa = PBXBuildFile; fileRef = AFD6363A1B038E1000ABDB3C /* Images.xcassets */; };
		AFD6363E1B038E1000ABDB3C /* LaunchScreen.xib in Resources */ = {isa = PBXBuildFile; fileRef = AFD6363C1B038E1000ABDB3C /* LaunchScreen.xib */; };
		AFD6364A1B038E1000ABDB3C /* academyTests.m in Sources */ = {isa = PBXBuildFile; fileRef = AFD636491B038E1000ABDB3C /* academyTests.m */; };
/* End PBXBuildFile section */

/* Begin PBXContainerItemProxy section */
		AFD636441B038E1000ABDB3C /* PBXContainerItemProxy */ = {
			isa = PBXContainerItemProxy;
			containerPortal = AFD6361F1B038E1000ABDB3C /* Project object */;
			proxyType = 1;
			remoteGlobalIDString = AFD636261B038E1000ABDB3C;
			remoteInfo = academy;
		};
/* End PBXContainerItemProxy section */

/* Begin PBXFileReference section */
		AFD636271B038E1000ABDB3C /* academy.app */ = {isa = PBXFileReference; explicitFileType = wrapper.application; includeInIndex = 0; path = academy.app; sourceTree = BUILT_PRODUCTS_DIR; };
		AFD6362B1B038E1000ABDB3C /* Info.plist */ = {isa = PBXFileReference; lastKnownFileType = text.plist.xml; path = Info.plist; sourceTree = "<group>"; };
		AFD6362C1B038E1000ABDB3C /* main.m */ = {isa = PBXFileReference; lastKnownFileType = sourcecode.c.objc; path = main.m; sourceTree = "<group>"; };
		AFD6362E1B038E1000ABDB3C /* AppDelegate.h */ = {isa = PBXFileReference; lastKnownFileType = sourcecode.c.h; path = AppDelegate.h; sourceTree = "<group>"; };
		AFD6362F1B038E1000ABDB3C /* AppDelegate.m */ = {isa = PBXFileReference; lastKnownFileType = sourcecode.c.objc; path = AppDelegate.m; sourceTree = "<group>"; };
		AFD636321B038E1000ABDB3C /* academy.xcdatamodel */ = {isa = PBXFileReference; lastKnownFileType = wrapper.xcdatamodel; path = academy.xcdatamodel; sourceTree = "<group>"; };
		AFD636341B038E1000ABDB3C /* ViewController.h */ = {isa = PBXFileReference; lastKnownFileType = sourcecode.c.h; path = ViewController.h; sourceTree = "<group>"; };
		AFD636351B038E1000ABDB3C /* ViewController.m */ = {isa = PBXFileReference; lastKnownFileType = sourcecode.c.objc; path = ViewController.m; sourceTree = "<group>"; };
		AFD636381B038E1000ABDB3C /* Base */ = {isa = PBXFileReference; lastKnownFileType = file.storyboard; name = Base; path = Base.lproj/Main.storyboard; sourceTree = "<group>"; };
		AFD6363A1B038E1000ABDB3C /* Images.xcassets */ = {isa = PBXFileReference; lastKnownFileType = folder.assetcatalog; path = Images.xcassets; sourceTree = "<group>"; };
		AFD6363D1B038E1000ABDB3C /* Base */ = {isa = PBXFileReference; lastKnownFileType = file.xib; name = Base; path = Base.lproj/LaunchScreen.xib; sourceTree = "<group>"; };
		AFD636431B038E1000ABDB3C /* academyTests.xctest */ = {isa = PBXFileReference; explicitFileType = wrapper.cfbundle; includeInIndex = 0; path = academyTests.xctest; sourceTree = BUILT_PRODUCTS_DIR; };
		AFD636481B038E1000ABDB3C /* Info.plist */ = {isa = PBXFileReference; lastKnownFileType = text.plist.xml; path = Info.plist; sourceTree = "<group>"; };
		AFD636491B038E1000ABDB3C /* academyTests.m */ = {isa = PBXFileReference; lastKnownFileType = sourcecode.c.objc; path = academyTests.m; sourceTree = "<group>"; };
/* End PBXFileReference section */

/* Begin PBXFrameworksBuildPhase section */
		AFD636241B038E1000ABDB3C /* Frameworks */ = {
			isa = PBXFrameworksBuildPhase;
			buildActionMask = 2147483647;
			files = (
			);
			runOnlyForDeploymentPostprocessing = 0;
		};
		AFD636401B038E1000ABDB3C /* Frameworks */ = {
			isa = PBXFrameworksBuildPhase;
			buildActionMask = 2147483647;
			files = (
			);
			runOnlyForDeploymentPostprocessing = 0;
		};
/* End PBXFrameworksBuildPhase section */

/* Begin PBXGroup section */
		AFD6361E1B038E1000ABDB3C = {
			isa = PBXGroup;
			children = (
				AFD636291B038E1000ABDB3C /* academy */,
				AFD636461B038E1000ABDB3C /* academyTests */,
				AFD636281B038E1000ABDB3C /* Products */,
			);
			sourceTree = "<group>";
		};
		AFD636281B038E1000ABDB3C /* Products */ = {
			isa = PBXGroup;
			children = (
				AFD636271B038E1000ABDB3C /* academy.app */,
				AFD636431B038E1000ABDB3C /* academyTests.xctest */,
			);
			name = Products;
			sourceTree = "<group>";
		};
		AFD636291B038E1000ABDB3C /* academy */ = {
			isa = PBXGroup;
			children = (
				AFD6362E1B038E1000ABDB3C /* AppDelegate.h */,
				AFD6362F1B038E1000ABDB3C /* AppDelegate.m */,
				AFD636341B038E1000ABDB3C /* ViewController.h */,
				AFD636351B038E1000ABDB3C /* ViewController.m */,
				AFD636371B038E1000ABDB3C /* Main.storyboard */,
				AFD6363A1B038E1000ABDB3C /* Images.xcassets */,
				AFD6363C1B038E1000ABDB3C /* LaunchScreen.xib */,
				AFD636311B038E1000ABDB3C /* academy.xcdatamodeld */,
				AFD6362A1B038E1000ABDB3C /* Supporting Files */,
			);
			path = academy;
			sourceTree = "<group>";
		};
		AFD6362A1B038E1000ABDB3C /* Supporting Files */ = {
			isa = PBXGroup;
			children = (
				AFD6362B1B038E1000ABDB3C /* Info.plist */,
				AFD6362C1B038E1000ABDB3C /* main.m */,
			);
			name = "Supporting Files";
			sourceTree = "<group>";
		};
		AFD636461B038E1000ABDB3C /* academyTests */ = {
			isa = PBXGroup;
			children = (
				AFD636491B038E1000ABDB3C /* academyTests.m */,
				AFD636471B038E1000ABDB3C /* Supporting Files */,
			);
			path = academyTests;
			sourceTree = "<group>";
		};
		AFD636471B038E1000ABDB3C /* Supporting Files */ = {
			isa = PBXGroup;
			children = (
				AFD636481B038E1000ABDB3C /* Info.plist */,
			);
			name = "Supporting Files";
			sourceTree = "<group>";
		};
/* End PBXGroup section */

/* Begin PBXNativeTarget section */
		AFD636261B038E1000ABDB3C /* academy */ = {
			isa = PBXNativeTarget;
			buildConfigurationList = AFD6364D1B038E1000ABDB3C /* Build configuration list for PBXNativeTarget "academy" */;
			buildPhases = (
				AFD636231B038E1000ABDB3C /* Sources */,
				AFD636241B038E1000ABDB3C /* Frameworks */,
				AFD636251B038E1000ABDB3C /* Resources */,
			);
			buildRules = (
			);
			dependencies = (
			);
			name = academy;
			productName = academy;
			productReference = AFD636271B038E1000ABDB3C /* academy.app */;
			productType = "com.apple.product-type.application";
		};
		AFD636421B038E1000ABDB3C /* academyTests */ = {
			isa = PBXNativeTarget;
			buildConfigurationList = AFD636501B038E1000ABDB3C /* Build configuration list for PBXNativeTarget "academyTests" */;
			buildPhases = (
				AFD6363F1B038E1000ABDB3C /* Sources */,
				AFD636401B038E1000ABDB3C /* Frameworks */,
				AFD636411B038E1000ABDB3C /* Resources */,
			);
			buildRules = (
			);
			dependencies = (
				AFD636451B038E1000ABDB3C /* PBXTargetDependency */,
			);
			name = academyTests;
			productName = academyTests;
			productReference = AFD636431B038E1000ABDB3C /* academyTests.xctest */;
			productType = "com.apple.product-type.bundle.unit-test";
		};
/* End PBXNativeTarget section */

/* Begin PBXProject section */
		AFD6361F1B038E1000ABDB3C /* Project object */ = {
			isa = PBXProject;
			attributes = {
				LastUpgradeCheck = 0600;
				ORGANIZATIONNAME = Openlabproduction;
				TargetAttributes = {
					AFD636261B038E1000ABDB3C = {
						CreatedOnToolsVersion = 6.0;
					};
					AFD636421B038E1000ABDB3C = {
						CreatedOnToolsVersion = 6.0;
						TestTargetID = AFD636261B038E1000ABDB3C;
					};
				};
			};
			buildConfigurationList = AFD636221B038E1000ABDB3C /* Build configuration list for PBXProject "academy" */;
			compatibilityVersion = "Xcode 3.2";
			developmentRegion = English;
			hasScannedForEncodings = 0;
			knownRegions = (
				en,
				Base,
			);
			mainGroup = AFD6361E1B038E1000ABDB3C;
			productRefGroup = AFD636281B038E1000ABDB3C /* Products */;
			projectDirPath = "";
			projectRoot = "";
			targets = (
				AFD636261B038E1000ABDB3C /* academy */,
				AFD636421B038E1000ABDB3C /* academyTests */,
			);
		};
/* End PBXProject section */

/* Begin PBXResourcesBuildPhase section */
		AFD636251B038E1000ABDB3C /* Resources */ = {
			isa = PBXResourcesBuildPhase;
			buildActionMask = 2147483647;
			files = (
				AFD636391B038E1000ABDB3C /* Main.storyboard in Resources */,
				AFD6363E1B038E1000ABDB3C /* LaunchScreen.xib in Resources */,
				AFD6363B1B038E1000ABDB3C /* Images.xcassets in Resources */,
			);
			runOnlyForDeploymentPostprocessing = 0;
		};
		AFD636411B038E1000ABDB3C /* Resources */ = {
			isa = PBXResourcesBuildPhase;
			buildActionMask = 2147483647;
			files = (
			);
			runOnlyForDeploymentPostprocessing = 0;
		};
/* End PBXResourcesBuildPhase section */

/* Begin PBXSourcesBuildPhase section */
		AFD636231B038E1000ABDB3C /* Sources */ = {
			isa = PBXSourcesBuildPhase;
			buildActionMask = 2147483647;
			files = (
				AFD636301B038E1000ABDB3C /* AppDelegate.m in Sources */,
				AFD6362D1B038E1000ABDB3C /* main.m in Sources */,
				AFD636361B038E1000ABDB3C /* ViewController.m in Sources */,
				AFD636331B038E1000ABDB3C /* academy.xcdatamodeld in Sources */,
			);
			runOnlyForDeploymentPostprocessing = 0;
		};
		AFD6363F1B038E1000ABDB3C /* Sources */ = {
			isa = PBXSourcesBuildPhase;
			buildActionMask = 2147483647;
			files = (
				AFD6364A1B038E1000ABDB3C /* academyTests.m in Sources */,
			);
			runOnlyForDeploymentPostprocessing = 0;
		};
/* End PBXSourcesBuildPhase section */

/* Begin PBXTargetDependency section */
		AFD636451B038E1000ABDB3C /* PBXTargetDependency */ = {
			isa = PBXTargetDependency;
			target = AFD636261B038E1000ABDB3C /* academy */;
			targetProxy = AFD636441B038E1000ABDB3C /* PBXContainerItemProxy */;
		};
/* End PBXTargetDependency section */

/* Begin PBXVariantGroup section */
		AFD636371B038E1000ABDB3C /* Main.storyboard */ = {
			isa = PBXVariantGroup;
			children = (
				AFD636381B038E1000ABDB3C /* Base */,
			);
			name = Main.storyboard;
			sourceTree = "<group>";
		};
		AFD6363C1B038E1000ABDB3C /* LaunchScreen.xib */ = {
			isa = PBXVariantGroup;
			children = (
				AFD6363D1B038E1000ABDB3C /* Base */,
			);
			name = LaunchScreen.xib;
			sourceTree = "<group>";
		};
/* End PBXVariantGroup section */

/* Begin XCBuildConfiguration section */
		AFD6364B1B038E1000ABDB3C /* Debug */ = {
			isa = XCBuildConfiguration;
			buildSettings = {
				ALWAYS_SEARCH_USER_PATHS = NO;
				CLANG_CXX_LANGUAGE_STANDARD = "gnu++0x";
				CLANG_CXX_LIBRARY = "libc++";
				CLANG_ENABLE_MODULES = YES;
				CLANG_ENABLE_OBJC_ARC = YES;
				CLANG_WARN_BOOL_CONVERSION = YES;
				CLANG_WARN_CONSTANT_CONVERSION = YES;
				CLANG_WARN_DIRECT_OBJC_ISA_USAGE = YES_ERROR;
				CLANG_WARN_EMPTY_BODY = YES;
				CLANG_WARN_ENUM_CONVERSION = YES;
				CLANG_WARN_INT_CONVERSION = YES;
				CLANG_WARN_OBJC_ROOT_CLASS = YES_ERROR;
				CLANG_WARN_UNREACHABLE_CODE = YES;
				CLANG_WARN__DUPLICATE_METHOD_MATCH = YES;
				"CODE_SIGN_IDENTITY[sdk=iphoneos*]" = "iPhone Developer";
				COPY_PHASE_STRIP = NO;
				ENABLE_STRICT_OBJC_MSGSEND = YES;
				GCC_C_LANGUAGE_STANDARD = gnu99;
				GCC_DYNAMIC_NO_PIC = NO;
				GCC_OPTIMIZATION_LEVEL = 0;
				GCC_PREPROCESSOR_DEFINITIONS = (
					"DEBUG=1",
					"$(inherited)",
				);
				GCC_SYMBOLS_PRIVATE_EXTERN = NO;
				GCC_WARN_64_TO_32_BIT_CONVERSION = YES;
				GCC_WARN_ABOUT_RETURN_TYPE = YES_ERROR;
				GCC_WARN_UNDECLARED_SELECTOR = YES;
				GCC_WARN_UNINITIALIZED_AUTOS = YES_AGGRESSIVE;
				GCC_WARN_UNUSED_FUNCTION = YES;
				GCC_WARN_UNUSED_VARIABLE = YES;
				IPHONEOS_DEPLOYMENT_TARGET = 8.0;
				MTL_ENABLE_DEBUG_INFO = YES;
				ONLY_ACTIVE_ARCH = YES;
				SDKROOT = iphoneos;
			};
			name = Debug;
		};
		AFD6364C1B038E1000ABDB3C /* Release */ = {
			isa = XCBuildConfiguration;
			buildSettings = {
				ALWAYS_SEARCH_USER_PATHS = NO;
				CLANG_CXX_LANGUAGE_STANDARD = "gnu++0x";
				CLANG_CXX_LIBRARY = "libc++";
				CLANG_ENABLE_MODULES = YES;
				CLANG_ENABLE_OBJC_ARC = YES;
				CLANG_WARN_BOOL_CONVERSION = YES;
				CLANG_WARN_CONSTANT_CONVERSION = YES;
				CLANG_WARN_DIRECT_OBJC_ISA_USAGE = YES_ERROR;
				CLANG_WARN_EMPTY_BODY = YES;
				CLANG_WARN_ENUM_CONVERSION = YES;
				CLANG_WARN_INT_CONVERSION = YES;
				CLANG_WARN_OBJC_ROOT_CLASS = YES_ERROR;
				CLANG_WARN_UNREACHABLE_CODE = YES;
				CLANG_WARN__DUPLICATE_METHOD_MATCH = YES;
				"CODE_SIGN_IDENTITY[sdk=iphoneos*]" = "iPhone Developer";
				COPY_PHASE_STRIP = YES;
				ENABLE_NS_ASSERTIONS = NO;
				ENABLE_STRICT_OBJC_MSGSEND = YES;
				GCC_C_LANGUAGE_STANDARD = gnu99;
				GCC_WARN_64_TO_32_BIT_CONVERSION = YES;
				GCC_WARN_ABOUT_RETURN_TYPE = YES_ERROR;
				GCC_WARN_UNDECLARED_SELECTOR = YES;
				GCC_WARN_UNINITIALIZED_AUTOS = YES_AGGRESSIVE;
				GCC_WARN_UNUSED_FUNCTION = YES;
				GCC_WARN_UNUSED_VARIABLE = YES;
				IPHONEOS_DEPLOYMENT_TARGET = 8.0;
				MTL_ENABLE_DEBUG_INFO = NO;
				SDKROOT = iphoneos;
				VALIDATE_PRODUCT = YES;
			};
			name = Release;
		};
		AFD6364E1B038E1000ABDB3C /* Debug */ = {
			isa = XCBuildConfiguration;
			buildSettings = {
				ASSETCATALOG_COMPILER_APPICON_NAME = AppIcon;
				INFOPLIST_FILE = academy/Info.plist;
				LD_RUNPATH_SEARCH_PATHS = "$(inherited) @executable_path/Frameworks";
				PRODUCT_NAME = "$(TARGET_NAME)";
			};
			name = Debug;
		};
		AFD6364F1B038E1000ABDB3C /* Release */ = {
			isa = XCBuildConfiguration;
			buildSettings = {
				ASSETCATALOG_COMPILER_APPICON_NAME = AppIcon;
				INFOPLIST_FILE = academy/Info.plist;
				LD_RUNPATH_SEARCH_PATHS = "$(inherited) @executable_path/Frameworks";
				PRODUCT_NAME = "$(TARGET_NAME)";
			};
			name = Release;
		};
		AFD636511B038E1000ABDB3C /* Debug */ = {
			isa = XCBuildConfiguration;
			buildSettings = {
				BUNDLE_LOADER = "$(TEST_HOST)";
				FRAMEWORK_SEARCH_PATHS = (
					"$(SDKROOT)/Developer/Library/Frameworks",
					"$(inherited)",
				);
				GCC_PREPROCESSOR_DEFINITIONS = (
					"DEBUG=1",
					"$(inherited)",
				);
				INFOPLIST_FILE = academyTests/Info.plist;
				LD_RUNPATH_SEARCH_PATHS = "$(inherited) @executable_path/Frameworks @loader_path/Frameworks";
				PRODUCT_NAME = "$(TARGET_NAME)";
				TEST_HOST = "$(BUILT_PRODUCTS_DIR)/academy.app/academy";
			};
			name = Debug;
		};
		AFD636521B038E1000ABDB3C /* Release */ = {
			isa = XCBuildConfiguration;
			buildSettings = {
				BUNDLE_LOADER = "$(TEST_HOST)";
				FRAMEWORK_SEARCH_PATHS = (
					"$(SDKROOT)/Developer/Library/Frameworks",
					"$(inherited)",
				);
				INFOPLIST_FILE = academyTests/Info.plist;
				LD_RUNPATH_SEARCH_PATHS = "$(inherited) @executable_path/Frameworks @loader_path/Frameworks";
				PRODUCT_NAME = "$(TARGET_NAME)";
				TEST_HOST = "$(BUILT_PRODUCTS_DIR)/academy.app/academy";
			};
			name = Release;
		};
/* End XCBuildConfiguration section */

/* Begin XCConfigurationList section */
		AFD636221B038E1000ABDB3C /* Build configuration list for PBXProject "academy" */ = {
			isa = XCConfigurationList;
			buildConfigurations = (
				AFD6364B1B038E1000ABDB3C /* Debug */,
				AFD6364C1B038E1000ABDB3C /* Release */,
			);
			defaultConfigurationIsVisible = 0;
			defaultConfigurationName = Release;
		};
		AFD6364D1B038E1000ABDB3C /* Build configuration list for PBXNativeTarget "academy" */ = {
			isa = XCConfigurationList;
			buildConfigurations = (
				AFD6364E1B038E1000ABDB3C /* Debug */,
				AFD6364F1B038E1000ABDB3C /* Release */,
			);
			defaultConfigurationIsVisible = 0;
		};
		AFD636501B038E1000ABDB3C /* Build configuration list for PBXNativeTarget "academyTests" */ = {
			isa = XCConfigurationList;
			buildConfigurations = (
				AFD636511B038E1000ABDB3C /* Debug */,
				AFD636521B038E1000ABDB3C /* Release */,
			);
			defaultConfigurationIsVisible = 0;
		};
/* End XCConfigurationList section */

/* Begin XCVersionGroup section */
		AFD636311B038E1000ABDB3C /* academy.xcdatamodeld */ = {
			isa = XCVersionGroup;
			children = (
				AFD636321B038E1000ABDB3C /* academy.xcdatamodel */,
			);
			currentVersion = AFD636321B038E1000ABDB3C /* academy.xcdatamodel */;
			path = academy.xcdatamodeld;
			sourceTree = "<group>";
			versionGroupType = wrapper.xcdatamodel;
		};
/* End XCVersionGroup section */
	};
	rootObject = AFD6361F1B038E1000ABDB3C /* Project object */;
}
